// !$*UTF8*$!
{
	archiveVersion = 1;
	classes = {
	};
	objectVersion = 45;
	objects = {

/* Begin PBXApplicationTarget section */
		29B97326FDCFA39411CA2CEA /* PermanentEraser */ = {
			isa = PBXApplicationTarget;
			buildConfigurationList = 84D1577808EB759400EF9E06 /* Build configuration list for PBXApplicationTarget "PermanentEraser" */;
			buildPhases = (
				29B97327FDCFA39411CA2CEA /* Headers */,
				29B97328FDCFA39411CA2CEA /* Resources */,
				29B9732BFDCFA39411CA2CEA /* Sources */,
				29B9732DFDCFA39411CA2CEA /* Frameworks */,
			);
			dependencies = (
			);
			name = PermanentEraser;
			productInstallPath = "$(HOME)/Applications";
			productName = PermanentEraser;
			productReference = 17587328FF379C6511CA2CBB /* Permanent Eraser.app */;
			productSettingsXML = "<?xml version=\"1.0\" encoding=\"UTF-8\"?>
<!DOCTYPE plist PUBLIC \"-//Apple//DTD PLIST 1.0//EN\" \"http://www.apple.com/DTDs/PropertyList-1.0.dtd\">
<plist version=\"1.0\">
<dict>
	<key>CFBundleDevelopmentRegion</key>
	<string>English</string>
	<key>CFBundleDocumentTypes</key>
	<array>
		<dict>
			<key>CFBundleTypeOSTypes</key>
			<array>
				<string>****</string>
			</array>
			<key>CFBundleTypeRole</key>
			<string>Viewer</string>
		</dict>
	</array>
	<key>CFBundleExecutable</key>
	<string>Permanent Eraser</string>
	<key>CFBundleGetInfoString</key>
	<string>Permanent Eraser 2.2.0</string>
	<key>CFBundleIconFile</key>
	<string>PE22</string>
	<key>CFBundleIdentifier</key>
	<string>com.edenwaith.permanenteraser</string>
	<key>CFBundleInfoDictionaryVersion</key>
	<string>6.0</string>
	<key>CFBundleName</key>
	<string>Permanent Eraser</string>
	<key>CFBundlePackageType</key>
	<string>APPL</string>
	<key>CFBundleShortVersionString</key>
	<string>2.2.0</string>
	<key>CFBundleSignature</key>
	<string>????</string>
	<key>CFBundleVersion</key>
	<string>6</string>
	<key>NSMainNibFile</key>
	<string>MainMenu</string>
	<key>NSPrincipalClass</key>
	<string>NSApplication</string>
</dict>
</plist>
";
		};
/* End PBXApplicationTarget section */

/* Begin PBXBuildFile section */
		080E96DCFE201CFB7F000001 /* MainMenu.nib in Resources */ = {isa = PBXBuildFile; fileRef = 29B97318FDCFA39411CA2CEA /* MainMenu.nib */; };
		089C165EFE840E0CC02AAC07 /* InfoPlist.strings in Resources */ = {isa = PBXBuildFile; fileRef = 089C165CFE840E0CC02AAC07 /* InfoPlist.strings */; };
		1058C7A3FEA54F0111CA2CBB /* Cocoa.framework in Frameworks */ = {isa = PBXBuildFile; fileRef = 1058C7A1FEA54F0111CA2CBB /* Cocoa.framework */; };
		29B9732CFDCFA39411CA2CEA /* main.m in Sources */ = {isa = PBXBuildFile; fileRef = 29B97316FDCFA39411CA2CEA /* main.m */; settings = {ATTRIBUTES = (); }; };
		32CA4F650368D2AA00C91783 /* PermanentEraser_Prefix.h in Headers */ = {isa = PBXBuildFile; fileRef = 32CA4F630368D1EE00C91783 /* PermanentEraser_Prefix.h */; };
		8405E9D90B55C88300483441 /* NSEvent+ModifierKeys.h in Headers */ = {isa = PBXBuildFile; fileRef = 8405E9D70B55C88300483441 /* NSEvent+ModifierKeys.h */; };
		8405E9DA0B55C88300483441 /* NSEvent+ModifierKeys.m in Sources */ = {isa = PBXBuildFile; fileRef = 8405E9D80B55C88300483441 /* NSEvent+ModifierKeys.m */; };
		8405E9DB0B55C88300483441 /* NSEvent+ModifierKeys.h in Headers */ = {isa = PBXBuildFile; fileRef = 8405E9D70B55C88300483441 /* NSEvent+ModifierKeys.h */; };
		8405E9DC0B55C88300483441 /* NSEvent+ModifierKeys.m in Sources */ = {isa = PBXBuildFile; fileRef = 8405E9D80B55C88300483441 /* NSEvent+ModifierKeys.m */; };
		84078F0C1A9444C8009AC273 /* software_update.png in Resources */ = {isa = PBXBuildFile; fileRef = 84078F081A9444C8009AC273 /* software_update.png */; };
		84078F0D1A9444C8009AC273 /* software_update@2x.png in Resources */ = {isa = PBXBuildFile; fileRef = 84078F091A9444C8009AC273 /* software_update@2x.png */; };
		84078F1E1A9449D4009AC273 /* plugin@2x.png in Resources */ = {isa = PBXBuildFile; fileRef = 84078F1C1A9449D4009AC273 /* plugin@2x.png */; };
		840E12331A3D4A5600E0C399 /* NSProcessInfo+PECocoaBackports.h in Headers */ = {isa = PBXBuildFile; fileRef = 840E12301A3D4A5600E0C399 /* NSProcessInfo+PECocoaBackports.h */; };
		840E12341A3D4A5600E0C399 /* NSProcessInfo+PECocoaBackports.m in Sources */ = {isa = PBXBuildFile; fileRef = 840E12311A3D4A5600E0C399 /* NSProcessInfo+PECocoaBackports.m */; };
		840E12351A3D4A5600E0C399 /* PECocoaBackportsGlobal.h in Headers */ = {isa = PBXBuildFile; fileRef = 840E12321A3D4A5600E0C399 /* PECocoaBackportsGlobal.h */; };
		8411A3E00BAE2CBF00AA5045 /* PE.icns in Resources */ = {isa = PBXBuildFile; fileRef = 8411A3DF0BAE2CBF00AA5045 /* PE.icns */; };
		8411A3E10BAE2CBF00AA5045 /* PE.icns in Resources */ = {isa = PBXBuildFile; fileRef = 8411A3DF0BAE2CBF00AA5045 /* PE.icns */; };
		84221BC1155E00BC00768456 /* IOKit.framework in Frameworks */ = {isa = PBXBuildFile; fileRef = 84484D611516A2A000B61DDA /* IOKit.framework */; };
		8429FF141A50DF9300F011F7 /* NSProcessInfo+PECocoaBackports.m in Sources */ = {isa = PBXBuildFile; fileRef = 840E12311A3D4A5600E0C399 /* NSProcessInfo+PECocoaBackports.m */; };
		8429FF151A50DF9400F011F7 /* NSProcessInfo+PECocoaBackports.h in Headers */ = {isa = PBXBuildFile; fileRef = 840E12301A3D4A5600E0C399 /* NSProcessInfo+PECocoaBackports.h */; };
		8429FF521A51150A00F011F7 /* PECocoaBackportsGlobal.h in Headers */ = {isa = PBXBuildFile; fileRef = 840E12321A3D4A5600E0C399 /* PECocoaBackportsGlobal.h */; };
		842DA8361A73495F00BFD9F3 /* PE_128x128.png in Resources */ = {isa = PBXBuildFile; fileRef = 842DA8341A73495F00BFD9F3 /* PE_128x128.png */; };
		842DA8371A73495F00BFD9F3 /* PE_128x128@2x.png in Resources */ = {isa = PBXBuildFile; fileRef = 842DA8351A73495F00BFD9F3 /* PE_128x128@2x.png */; };
		842DA8381A73495F00BFD9F3 /* PE_128x128.png in Resources */ = {isa = PBXBuildFile; fileRef = 842DA8341A73495F00BFD9F3 /* PE_128x128.png */; };
		842DA8391A73495F00BFD9F3 /* PE_128x128@2x.png in Resources */ = {isa = PBXBuildFile; fileRef = 842DA8351A73495F00BFD9F3 /* PE_128x128@2x.png */; };
		842DA8541A73513E00BFD9F3 /* PE_40x40.png in Resources */ = {isa = PBXBuildFile; fileRef = 842DA8521A73513E00BFD9F3 /* PE_40x40.png */; };
		842DA8551A73513E00BFD9F3 /* PE_40x40@2x.png in Resources */ = {isa = PBXBuildFile; fileRef = 842DA8531A73513E00BFD9F3 /* PE_40x40@2x.png */; };
		842DA8561A73513E00BFD9F3 /* PE_40x40.png in Resources */ = {isa = PBXBuildFile; fileRef = 842DA8521A73513E00BFD9F3 /* PE_40x40.png */; };
		842DA8571A73513E00BFD9F3 /* PE_40x40@2x.png in Resources */ = {isa = PBXBuildFile; fileRef = 842DA8531A73513E00BFD9F3 /* PE_40x40@2x.png */; };
		8438F44A12A89C9600F9F813 /* NSFileManager+Utils.h in Headers */ = {isa = PBXBuildFile; fileRef = 8438F44812A89C9600F9F813 /* NSFileManager+Utils.h */; };
		8438F44B12A89C9600F9F813 /* NSFileManager+Utils.m in Sources */ = {isa = PBXBuildFile; fileRef = 8438F44912A89C9600F9F813 /* NSFileManager+Utils.m */; };
		8440847D10C8B57B009EA3C5 /* CTProgressBadge.h in Headers */ = {isa = PBXBuildFile; fileRef = 8440847B10C8B57B009EA3C5 /* CTProgressBadge.h */; };
		8440847E10C8B57B009EA3C5 /* CTProgressBadge.m in Sources */ = {isa = PBXBuildFile; fileRef = 8440847C10C8B57B009EA3C5 /* CTProgressBadge.m */; };
		84484D621516A2A000B61DDA /* IOKit.framework in Frameworks */ = {isa = PBXBuildFile; fileRef = 84484D611516A2A000B61DDA /* IOKit.framework */; };
		84524315048BDAA40003BAA1 /* PEController.h in Headers */ = {isa = PBXBuildFile; fileRef = 84524313048BDAA40003BAA1 /* PEController.h */; };
		84524316048BDAA40003BAA1 /* PEController.m in Sources */ = {isa = PBXBuildFile; fileRef = 84524314048BDAA40003BAA1 /* PEController.m */; };
		84567D03132C621A0070AD1A /* PermanentEraser_Prefix.h in Headers */ = {isa = PBXBuildFile; fileRef = 32CA4F630368D1EE00C91783 /* PermanentEraser_Prefix.h */; };
		84567D04132C621A0070AD1A /* PEController.h in Headers */ = {isa = PBXBuildFile; fileRef = 84524313048BDAA40003BAA1 /* PEController.h */; };
		84567D05132C621A0070AD1A /* NSEvent+ModifierKeys.h in Headers */ = {isa = PBXBuildFile; fileRef = 8405E9D70B55C88300483441 /* NSEvent+ModifierKeys.h */; };
		84567D06132C621A0070AD1A /* PEFile.h in Headers */ = {isa = PBXBuildFile; fileRef = 84DF85160F5A37CC00C272F1 /* PEFile.h */; };
		84567D07132C621A0070AD1A /* NSAlertCheckbox.h in Headers */ = {isa = PBXBuildFile; fileRef = 84E38DE81036450B0099407B /* NSAlertCheckbox.h */; };
		84567D08132C621A0070AD1A /* CTProgressBadge.h in Headers */ = {isa = PBXBuildFile; fileRef = 8440847B10C8B57B009EA3C5 /* CTProgressBadge.h */; };
		84567D09132C621A0070AD1A /* PreferencesController.h in Headers */ = {isa = PBXBuildFile; fileRef = 849D049E11C9C93F00BCE8F2 /* PreferencesController.h */; };
		84567D0A132C621A0070AD1A /* NSFileManager+Utils.h in Headers */ = {isa = PBXBuildFile; fileRef = 8438F44812A89C9600F9F813 /* NSFileManager+Utils.h */; };
		84567D0C132C621A0070AD1A /* MainMenu.nib in Resources */ = {isa = PBXBuildFile; fileRef = 29B97318FDCFA39411CA2CEA /* MainMenu.nib */; };
		84567D0D132C621A0070AD1A /* InfoPlist.strings in Resources */ = {isa = PBXBuildFile; fileRef = 089C165CFE840E0CC02AAC07 /* InfoPlist.strings */; };
		84567D0F132C621A0070AD1A /* Localizable.strings in Resources */ = {isa = PBXBuildFile; fileRef = 84CF81EB08F5EACA00F021FB /* Localizable.strings */; };
		84567D10132C621A0070AD1A /* PE.icns in Resources */ = {isa = PBXBuildFile; fileRef = 8411A3DF0BAE2CBF00AA5045 /* PE.icns */; };
		84567D12132C621A0070AD1A /* Preferences.nib in Resources */ = {isa = PBXBuildFile; fileRef = 849D043B11C9C75500BCE8F2 /* Preferences.nib */; };
		84567D19132C621A0070AD1A /* Permanent Eraser Help in Resources */ = {isa = PBXBuildFile; fileRef = 849798CF122CAD04001DBBF8 /* Permanent Eraser Help */; };
		84567D1B132C621A0070AD1A /* main.m in Sources */ = {isa = PBXBuildFile; fileRef = 29B97316FDCFA39411CA2CEA /* main.m */; settings = {ATTRIBUTES = (); }; };
		84567D1C132C621A0070AD1A /* PEController.m in Sources */ = {isa = PBXBuildFile; fileRef = 84524314048BDAA40003BAA1 /* PEController.m */; };
		84567D1D132C621A0070AD1A /* NSEvent+ModifierKeys.m in Sources */ = {isa = PBXBuildFile; fileRef = 8405E9D80B55C88300483441 /* NSEvent+ModifierKeys.m */; };
		84567D1E132C621A0070AD1A /* PEFile.m in Sources */ = {isa = PBXBuildFile; fileRef = 84DF85170F5A37CC00C272F1 /* PEFile.m */; };
		84567D1F132C621A0070AD1A /* NSAlertCheckbox.m in Sources */ = {isa = PBXBuildFile; fileRef = 84E38DE91036450B0099407B /* NSAlertCheckbox.m */; };
		84567D20132C621A0070AD1A /* CTProgressBadge.m in Sources */ = {isa = PBXBuildFile; fileRef = 8440847C10C8B57B009EA3C5 /* CTProgressBadge.m */; };
		84567D21132C621A0070AD1A /* PreferencesController.m in Sources */ = {isa = PBXBuildFile; fileRef = 849D049F11C9C93F00BCE8F2 /* PreferencesController.m */; };
		84567D22132C621A0070AD1A /* NSFileManager+Utils.m in Sources */ = {isa = PBXBuildFile; fileRef = 8438F44912A89C9600F9F813 /* NSFileManager+Utils.m */; };
		84567D24132C621A0070AD1A /* Cocoa.framework in Frameworks */ = {isa = PBXBuildFile; fileRef = 1058C7A1FEA54F0111CA2CBB /* Cocoa.framework */; };
		84567D25132C621A0070AD1A /* Carbon.framework in Frameworks */ = {isa = PBXBuildFile; fileRef = 84583AE50B54A1840078A640 /* Carbon.framework */; };
		84567D26132C621A0070AD1A /* DiscRecording.framework in Frameworks */ = {isa = PBXBuildFile; fileRef = 845E65E20B967C6100391EE2 /* DiscRecording.framework */; };
		84567D29132C621A0070AD1A /* Erase.action in CopyFiles */ = {isa = PBXBuildFile; fileRef = 84E724810C0D0E56005C0E9C /* Erase.action */; };
		84567D2A132C621A0070AD1A /* EraseTrash.action in CopyFiles */ = {isa = PBXBuildFile; fileRef = 8409A2570C0C586B00951A52 /* EraseTrash.action */; };
		84583AE60B54A1840078A640 /* Carbon.framework in Frameworks */ = {isa = PBXBuildFile; fileRef = 84583AE50B54A1840078A640 /* Carbon.framework */; };
		84583AE70B54A1840078A640 /* Carbon.framework in Frameworks */ = {isa = PBXBuildFile; fileRef = 84583AE50B54A1840078A640 /* Carbon.framework */; };
		845E65E30B967C6100391EE2 /* DiscRecording.framework in Frameworks */ = {isa = PBXBuildFile; fileRef = 845E65E20B967C6100391EE2 /* DiscRecording.framework */; };
		845E65E40B967C6100391EE2 /* DiscRecording.framework in Frameworks */ = {isa = PBXBuildFile; fileRef = 845E65E20B967C6100391EE2 /* DiscRecording.framework */; };
		8467A1391FD395510072FEC8 /* EraseFreespace.action in Resources */ = {isa = PBXBuildFile; fileRef = 84753CF41FB904FB009C7EC5 /* EraseFreespace.action */; };
		84907D24154B9AE200B614D0 /* srm in Resources */ = {isa = PBXBuildFile; fileRef = 84907D23154B9AE200B614D0 /* srm */; };
		84907D26154B9AF900B614D0 /* srm in Resources */ = {isa = PBXBuildFile; fileRef = 84907D25154B9AF900B614D0 /* srm */; };
		84979906122CAD04001DBBF8 /* Permanent Eraser Help in Resources */ = {isa = PBXBuildFile; fileRef = 849798CF122CAD04001DBBF8 /* Permanent Eraser Help */; };
		849D043C11C9C75500BCE8F2 /* Preferences.nib in Resources */ = {isa = PBXBuildFile; fileRef = 849D043B11C9C75500BCE8F2 /* Preferences.nib */; };
		849D04A011C9C93F00BCE8F2 /* PreferencesController.h in Headers */ = {isa = PBXBuildFile; fileRef = 849D049E11C9C93F00BCE8F2 /* PreferencesController.h */; };
		849D04A111C9C93F00BCE8F2 /* PreferencesController.m in Sources */ = {isa = PBXBuildFile; fileRef = 849D049F11C9C93F00BCE8F2 /* PreferencesController.m */; };
		849D2F8612163E84000F6610 /* Erase.workflow in Resources */ = {isa = PBXBuildFile; fileRef = 849D2F7D12163E84000F6610 /* Erase.workflow */; };
		849D2FB61216401E000F6610 /* Erase.workflow in CopyFiles */ = {isa = PBXBuildFile; fileRef = 849D2F7D12163E84000F6610 /* Erase.workflow */; };
		84A727C21FD3AAF5007F095B /* EraseFreespace.action in CopyFiles */ = {isa = PBXBuildFile; fileRef = 84753CF41FB904FB009C7EC5 /* EraseFreespace.action */; };
		84A7286B1FD4DE00007F095B /* EraseFreespace.action in CopyFiles */ = {isa = PBXBuildFile; fileRef = 84753CF41FB904FB009C7EC5 /* EraseFreespace.action */; };
		84CF81ED08F5EACA00F021FB /* Localizable.strings in Resources */ = {isa = PBXBuildFile; fileRef = 84CF81EB08F5EACA00F021FB /* Localizable.strings */; };
		84DF85180F5A37CC00C272F1 /* PEFile.h in Headers */ = {isa = PBXBuildFile; fileRef = 84DF85160F5A37CC00C272F1 /* PEFile.h */; };
		84DF85190F5A37CC00C272F1 /* PEFile.m in Sources */ = {isa = PBXBuildFile; fileRef = 84DF85170F5A37CC00C272F1 /* PEFile.m */; };
		84E38DEA1036450B0099407B /* NSAlertCheckbox.h in Headers */ = {isa = PBXBuildFile; fileRef = 84E38DE81036450B0099407B /* NSAlertCheckbox.h */; };
		84E38DEB1036450B0099407B /* NSAlertCheckbox.m in Sources */ = {isa = PBXBuildFile; fileRef = 84E38DE91036450B0099407B /* NSAlertCheckbox.m */; };
		84E63DAF09B53F1500DA4444 /* PermanentEraser_Prefix.h in Headers */ = {isa = PBXBuildFile; fileRef = 32CA4F630368D1EE00C91783 /* PermanentEraser_Prefix.h */; };
		84E63DB009B53F1500DA4444 /* PEController.h in Headers */ = {isa = PBXBuildFile; fileRef = 84524313048BDAA40003BAA1 /* PEController.h */; };
		84E63DB209B53F1500DA4444 /* MainMenu.nib in Resources */ = {isa = PBXBuildFile; fileRef = 29B97318FDCFA39411CA2CEA /* MainMenu.nib */; };
		84E63DB309B53F1500DA4444 /* InfoPlist.strings in Resources */ = {isa = PBXBuildFile; fileRef = 089C165CFE840E0CC02AAC07 /* InfoPlist.strings */; };
		84E63DB609B53F1500DA4444 /* Localizable.strings in Resources */ = {isa = PBXBuildFile; fileRef = 84CF81EB08F5EACA00F021FB /* Localizable.strings */; };
		84E63DBA09B53F1500DA4444 /* main.m in Sources */ = {isa = PBXBuildFile; fileRef = 29B97316FDCFA39411CA2CEA /* main.m */; settings = {ATTRIBUTES = (); }; };
		84E63DBB09B53F1500DA4444 /* PEController.m in Sources */ = {isa = PBXBuildFile; fileRef = 84524314048BDAA40003BAA1 /* PEController.m */; };
		84E63DBD09B53F1500DA4444 /* Cocoa.framework in Frameworks */ = {isa = PBXBuildFile; fileRef = 1058C7A1FEA54F0111CA2CBB /* Cocoa.framework */; };
		84EBE8D81055849A006F5AC2 /* Erase.action in CopyFiles */ = {isa = PBXBuildFile; fileRef = 84E724810C0D0E56005C0E9C /* Erase.action */; };
		84EBE8E41055849D006F5AC2 /* EraseTrash.action in CopyFiles */ = {isa = PBXBuildFile; fileRef = 8409A2570C0C586B00951A52 /* EraseTrash.action */; };
		BEB16AB711DE29A600AD23A3 /* plugin.png in Resources */ = {isa = PBXBuildFile; fileRef = BEB16AB611DE29A600AD23A3 /* plugin.png */; };
/* End PBXBuildFile section */

/* Begin PBXContainerItemProxy section */
		8409A2560C0C586B00951A52 /* PBXContainerItemProxy */ = {
			isa = PBXContainerItemProxy;
			containerPortal = 8409A24D0C0C586A00951A52 /* EraseTrash.xcodeproj */;
			proxyType = 2;
			remoteGlobalIDString = 8D5B49B6048680CD000E48DA;
			remoteInfo = EraseTrash;
		};
		84753CF31FB904FB009C7EC5 /* PBXContainerItemProxy */ = {
			isa = PBXContainerItemProxy;
			containerPortal = 84753CEC1FB904FB009C7EC5 /* EraseFreespace.xcodeproj */;
			proxyType = 2;
			remoteGlobalIDString = 8D5B49B6048680CD000E48DA;
			remoteInfo = EraseFreespace;
		};
		84E724800C0D0E56005C0E9C /* PBXContainerItemProxy */ = {
			isa = PBXContainerItemProxy;
			containerPortal = 84E724770C0D0E56005C0E9C /* Erase.xcodeproj */;
			proxyType = 2;
			remoteGlobalIDString = 8D5B49B6048680CD000E48DA;
			remoteInfo = Erase;
		};
/* End PBXContainerItemProxy section */

/* Begin PBXCopyFilesBuildPhase section */
		84567D28132C621A0070AD1A /* CopyFiles */ = {
			isa = PBXCopyFilesBuildPhase;
			buildActionMask = 12;
			dstPath = Contents/Library/Automator;
			dstSubfolderSpec = 1;
			files = (
				84567D29132C621A0070AD1A /* Erase.action in CopyFiles */,
				84567D2A132C621A0070AD1A /* EraseTrash.action in CopyFiles */,
				84A727C21FD3AAF5007F095B /* EraseFreespace.action in CopyFiles */,
			);
			runOnlyForDeploymentPostprocessing = 0;
		};
		849D2FD51216404B000F6610 /* CopyFiles */ = {
			isa = PBXCopyFilesBuildPhase;
			buildActionMask = 2147483647;
			dstPath = "";
			dstSubfolderSpec = 13;
			files = (
				849D2FB61216401E000F6610 /* Erase.workflow in CopyFiles */,
			);
			runOnlyForDeploymentPostprocessing = 0;
		};
		84F0ED491B72FE1000C27D2A /* CopyFiles */ = {
			isa = PBXCopyFilesBuildPhase;
			buildActionMask = 2147483647;
			dstPath = "";
			dstSubfolderSpec = 13;
			files = (
			);
			runOnlyForDeploymentPostprocessing = 0;
		};
		84F6D3610C0BB41100CC11F4 /* CopyFiles */ = {
			isa = PBXCopyFilesBuildPhase;
			buildActionMask = 12;
			dstPath = Contents/Library/Automator;
			dstSubfolderSpec = 1;
			files = (
				84EBE8D81055849A006F5AC2 /* Erase.action in CopyFiles */,
				84EBE8E41055849D006F5AC2 /* EraseTrash.action in CopyFiles */,
				84A7286B1FD4DE00007F095B /* EraseFreespace.action in CopyFiles */,
			);
			runOnlyForDeploymentPostprocessing = 0;
		};
/* End PBXCopyFilesBuildPhase section */

/* Begin PBXFileReference section */
		089C165DFE840E0CC02AAC07 /* English */ = {isa = PBXFileReference; fileEncoding = 10; lastKnownFileType = text.plist.strings; name = English; path = English.lproj/InfoPlist.strings; sourceTree = "<group>"; };
		1058C7A1FEA54F0111CA2CBB /* Cocoa.framework */ = {isa = PBXFileReference; lastKnownFileType = wrapper.framework; name = Cocoa.framework; path = /System/Library/Frameworks/Cocoa.framework; sourceTree = "<absolute>"; };
		17587328FF379C6511CA2CBB /* Permanent Eraser.app */ = {isa = PBXFileReference; explicitFileType = wrapper.application; path = "Permanent Eraser.app"; sourceTree = BUILT_PRODUCTS_DIR; };
		29B97316FDCFA39411CA2CEA /* main.m */ = {isa = PBXFileReference; fileEncoding = 30; lastKnownFileType = sourcecode.c.objc; path = main.m; sourceTree = "<group>"; };
		29B97319FDCFA39411CA2CEA /* English */ = {isa = PBXFileReference; lastKnownFileType = wrapper.nib; name = English; path = English.lproj/MainMenu.nib; sourceTree = "<group>"; };
		29B97324FDCFA39411CA2CEA /* AppKit.framework */ = {isa = PBXFileReference; lastKnownFileType = wrapper.framework; name = AppKit.framework; path = /System/Library/Frameworks/AppKit.framework; sourceTree = "<absolute>"; };
		29B97325FDCFA39411CA2CEA /* Foundation.framework */ = {isa = PBXFileReference; lastKnownFileType = wrapper.framework; name = Foundation.framework; path = /System/Library/Frameworks/Foundation.framework; sourceTree = "<absolute>"; };
		32CA4F630368D1EE00C91783 /* PermanentEraser_Prefix.h */ = {isa = PBXFileReference; fileEncoding = 4; lastKnownFileType = sourcecode.c.h; path = PermanentEraser_Prefix.h; sourceTree = "<group>"; };
		8404CE780B7433D600CECB37 /* zh_TW */ = {isa = PBXFileReference; lastKnownFileType = wrapper.nib; name = zh_TW; path = zh_TW.lproj/MainMenu.nib; sourceTree = "<group>"; };
		8404CE790B7433F600CECB37 /* zh_TW */ = {isa = PBXFileReference; lastKnownFileType = text.plist.strings; name = zh_TW; path = zh_TW.lproj/InfoPlist.strings; sourceTree = "<group>"; };
		8404CE870B74349F00CECB37 /* zh_TW */ = {isa = PBXFileReference; fileEncoding = 10; lastKnownFileType = text.plist.strings; name = zh_TW; path = zh_TW.lproj/Localizable.strings; sourceTree = "<group>"; };
		8405E9D70B55C88300483441 /* NSEvent+ModifierKeys.h */ = {isa = PBXFileReference; fileEncoding = 4; lastKnownFileType = sourcecode.c.h; path = "NSEvent+ModifierKeys.h"; sourceTree = "<group>"; };
		8405E9D80B55C88300483441 /* NSEvent+ModifierKeys.m */ = {isa = PBXFileReference; fileEncoding = 4; lastKnownFileType = sourcecode.c.objc; path = "NSEvent+ModifierKeys.m"; sourceTree = "<group>"; };
		84078F081A9444C8009AC273 /* software_update.png */ = {isa = PBXFileReference; lastKnownFileType = image.png; name = software_update.png; path = images/software_update.png; sourceTree = "<group>"; };
		84078F091A9444C8009AC273 /* software_update@2x.png */ = {isa = PBXFileReference; lastKnownFileType = image.png; name = "software_update@2x.png"; path = "images/software_update@2x.png"; sourceTree = "<group>"; };
		84078F1C1A9449D4009AC273 /* plugin@2x.png */ = {isa = PBXFileReference; lastKnownFileType = image.png; name = "plugin@2x.png"; path = "images/plugin@2x.png"; sourceTree = "<group>"; };
		8409A24D0C0C586A00951A52 /* EraseTrash.xcodeproj */ = {isa = PBXFileReference; lastKnownFileType = "wrapper.pb-project"; name = EraseTrash.xcodeproj; path = EraseTrash/EraseTrash.xcodeproj; sourceTree = "<group>"; };
		840E122A1A3D36E500E0C399 /* NSProcessInfo+Backport.h */ = {isa = PBXFileReference; fileEncoding = 4; lastKnownFileType = sourcecode.c.h; name = "NSProcessInfo+Backport.h"; path = "Utils/NSProcessInfo+Backport.h"; sourceTree = "<group>"; };
		840E122B1A3D36E500E0C399 /* NSProcessInfo+Backport.m */ = {isa = PBXFileReference; fileEncoding = 4; lastKnownFileType = sourcecode.c.objc; name = "NSProcessInfo+Backport.m"; path = "Utils/NSProcessInfo+Backport.m"; sourceTree = "<group>"; };
		840E12301A3D4A5600E0C399 /* NSProcessInfo+PECocoaBackports.h */ = {isa = PBXFileReference; fileEncoding = 4; lastKnownFileType = sourcecode.c.h; name = "NSProcessInfo+PECocoaBackports.h"; path = "Utils/NSProcessInfo+PECocoaBackports.h"; sourceTree = "<group>"; };
		840E12311A3D4A5600E0C399 /* NSProcessInfo+PECocoaBackports.m */ = {isa = PBXFileReference; fileEncoding = 4; lastKnownFileType = sourcecode.c.objc; name = "NSProcessInfo+PECocoaBackports.m"; path = "Utils/NSProcessInfo+PECocoaBackports.m"; sourceTree = "<group>"; };
		840E12321A3D4A5600E0C399 /* PECocoaBackportsGlobal.h */ = {isa = PBXFileReference; fileEncoding = 4; lastKnownFileType = sourcecode.c.h; name = PECocoaBackportsGlobal.h; path = Utils/PECocoaBackportsGlobal.h; sourceTree = "<group>"; };
		8411A3DF0BAE2CBF00AA5045 /* PE.icns */ = {isa = PBXFileReference; lastKnownFileType = image.icns; path = PE.icns; sourceTree = "<group>"; };
		84175C761A4BCB5100E8633D /* NSProcessInfo+Utils.h */ = {isa = PBXFileReference; fileEncoding = 4; lastKnownFileType = sourcecode.c.h; name = "NSProcessInfo+Utils.h"; path = "Utils/NSProcessInfo+Utils.h"; sourceTree = "<group>"; };
		84175C771A4BCB5100E8633D /* NSProcessInfo+Utils.m */ = {isa = PBXFileReference; fileEncoding = 4; lastKnownFileType = sourcecode.c.objc; name = "NSProcessInfo+Utils.m"; path = "Utils/NSProcessInfo+Utils.m"; sourceTree = "<group>"; };
		842101CE1F38236C005B3497 /* cy */ = {isa = PBXFileReference; lastKnownFileType = text.plist.strings; name = cy; path = cy.lproj/InfoPlist.strings; sourceTree = "<group>"; };
		842101D31F38242A005B3497 /* cy */ = {isa = PBXFileReference; lastKnownFileType = text.plist.strings; name = cy; path = cy.lproj/Localizable.strings; sourceTree = "<group>"; };
		842101D81F3824EA005B3497 /* cy */ = {isa = PBXFileReference; lastKnownFileType = wrapper.nib; name = cy; path = cy.lproj/MainMenu.nib; sourceTree = "<group>"; };
		84267ED70EE6456D00F4C36D /* Italian */ = {isa = PBXFileReference; lastKnownFileType = wrapper.nib; name = Italian; path = Italian.lproj/MainMenu.nib; sourceTree = "<group>"; };
		84267ED80EE6457900F4C36D /* Italian */ = {isa = PBXFileReference; lastKnownFileType = text.plist.strings; name = Italian; path = Italian.lproj/InfoPlist.strings; sourceTree = "<group>"; };
		84267EDA0EE6458B00F4C36D /* Italian */ = {isa = PBXFileReference; lastKnownFileType = text.plist.strings; name = Italian; path = Italian.lproj/Localizable.strings; sourceTree = "<group>"; };
		842DA8341A73495F00BFD9F3 /* PE_128x128.png */ = {isa = PBXFileReference; lastKnownFileType = image.png; name = PE_128x128.png; path = images/PE_128x128.png; sourceTree = "<group>"; };
		842DA8351A73495F00BFD9F3 /* PE_128x128@2x.png */ = {isa = PBXFileReference; lastKnownFileType = image.png; name = "PE_128x128@2x.png"; path = "images/PE_128x128@2x.png"; sourceTree = "<group>"; };
		842DA8521A73513E00BFD9F3 /* PE_40x40.png */ = {isa = PBXFileReference; lastKnownFileType = image.png; name = PE_40x40.png; path = images/PE_40x40.png; sourceTree = "<group>"; };
		842DA8531A73513E00BFD9F3 /* PE_40x40@2x.png */ = {isa = PBXFileReference; lastKnownFileType = image.png; name = "PE_40x40@2x.png"; path = "images/PE_40x40@2x.png"; sourceTree = "<group>"; };
		8438F44812A89C9600F9F813 /* NSFileManager+Utils.h */ = {isa = PBXFileReference; fileEncoding = 4; lastKnownFileType = sourcecode.c.h; path = "NSFileManager+Utils.h"; sourceTree = "<group>"; };
		8438F44912A89C9600F9F813 /* NSFileManager+Utils.m */ = {isa = PBXFileReference; fileEncoding = 4; lastKnownFileType = sourcecode.c.objc; path = "NSFileManager+Utils.m"; sourceTree = "<group>"; };
		8440847B10C8B57B009EA3C5 /* CTProgressBadge.h */ = {isa = PBXFileReference; fileEncoding = 4; lastKnownFileType = sourcecode.c.h; name = CTProgressBadge.h; path = Utils/CTProgressBadge.h; sourceTree = "<group>"; };
		8440847C10C8B57B009EA3C5 /* CTProgressBadge.m */ = {isa = PBXFileReference; fileEncoding = 4; lastKnownFileType = sourcecode.c.objc; name = CTProgressBadge.m; path = Utils/CTProgressBadge.m; sourceTree = "<group>"; };
		84484D611516A2A000B61DDA /* IOKit.framework */ = {isa = PBXFileReference; lastKnownFileType = wrapper.framework; name = IOKit.framework; path = /System/Library/Frameworks/IOKit.framework; sourceTree = "<absolute>"; };
		84524313048BDAA40003BAA1 /* PEController.h */ = {isa = PBXFileReference; fileEncoding = 30; lastKnownFileType = sourcecode.c.h; path = PEController.h; sourceTree = "<group>"; };
		84524314048BDAA40003BAA1 /* PEController.m */ = {isa = PBXFileReference; fileEncoding = 30; lastKnownFileType = sourcecode.c.objc; path = PEController.m; sourceTree = "<group>"; };
		84567D32132C621A0070AD1A /* Permanent Eraser.app */ = {isa = PBXFileReference; explicitFileType = wrapper.application; includeInIndex = 0; path = "Permanent Eraser.app"; sourceTree = BUILT_PRODUCTS_DIR; };
		84567D34132C621A0070AD1A /* Info-PermanentEraser_MAS.plist */ = {isa = PBXFileReference; lastKnownFileType = text.plist.xml; path = "Info-PermanentEraser_MAS.plist"; sourceTree = "<group>"; };
		84583AE50B54A1840078A640 /* Carbon.framework */ = {isa = PBXFileReference; lastKnownFileType = wrapper.framework; name = Carbon.framework; path = /System/Library/Frameworks/Carbon.framework; sourceTree = "<absolute>"; };
		845E65E20B967C6100391EE2 /* DiscRecording.framework */ = {isa = PBXFileReference; lastKnownFileType = wrapper.framework; name = DiscRecording.framework; path = /System/Library/Frameworks/DiscRecording.framework; sourceTree = "<absolute>"; };
		845EF8410BE97B9E00EE6556 /* sv */ = {isa = PBXFileReference; lastKnownFileType = wrapper.nib; name = sv; path = sv.lproj/MainMenu.nib; sourceTree = "<group>"; };
		845EF8450BE97BD800EE6556 /* sv */ = {isa = PBXFileReference; lastKnownFileType = text.plist.strings; name = sv; path = sv.lproj/InfoPlist.strings; sourceTree = "<group>"; };
		845EF8480BE97BE100EE6556 /* sv */ = {isa = PBXFileReference; lastKnownFileType = text.plist.strings; name = sv; path = sv.lproj/Localizable.strings; sourceTree = "<group>"; };
		84753CEC1FB904FB009C7EC5 /* EraseFreespace.xcodeproj */ = {isa = PBXFileReference; lastKnownFileType = "wrapper.pb-project"; name = EraseFreespace.xcodeproj; path = EraseFreespace/EraseFreespace.xcodeproj; sourceTree = "<group>"; };
		847BA6E41303A20400427D14 /* Dutch */ = {isa = PBXFileReference; lastKnownFileType = wrapper.nib; name = Dutch; path = Dutch.lproj/Preferences.nib; sourceTree = "<group>"; };
		847BA6E51303A20800427D14 /* sv */ = {isa = PBXFileReference; lastKnownFileType = wrapper.nib; name = sv; path = sv.lproj/Preferences.nib; sourceTree = "<group>"; };
		84907D23154B9AE200B614D0 /* srm */ = {isa = PBXFileReference; lastKnownFileType = "compiled.mach-o.executable"; name = srm; path = "srm/srm for pe/srm"; sourceTree = "<group>"; };
		84907D25154B9AF900B614D0 /* srm */ = {isa = PBXFileReference; lastKnownFileType = "compiled.mach-o.executable"; name = srm; path = "srm/srm for pe/MAS/srm"; sourceTree = "<group>"; };
		849798D0122CAD04001DBBF8 /* English */ = {isa = PBXFileReference; lastKnownFileType = folder; name = English; path = "English.lproj/Permanent Eraser Help"; sourceTree = "<group>"; };
		849D043711C9C68F00BCE8F2 /* English */ = {isa = PBXFileReference; lastKnownFileType = wrapper.nib; name = English; path = English.lproj/Preferences.nib; sourceTree = "<group>"; };
		849D049E11C9C93F00BCE8F2 /* PreferencesController.h */ = {isa = PBXFileReference; fileEncoding = 4; lastKnownFileType = sourcecode.c.h; path = PreferencesController.h; sourceTree = "<group>"; };
		849D049F11C9C93F00BCE8F2 /* PreferencesController.m */ = {isa = PBXFileReference; fileEncoding = 4; lastKnownFileType = sourcecode.c.objc; path = PreferencesController.m; sourceTree = "<group>"; };
		849D2F7D12163E84000F6610 /* Erase.workflow */ = {isa = PBXFileReference; lastKnownFileType = folder; name = Erase.workflow; path = "Plug-Ins/Erase.workflow"; sourceTree = "<group>"; };
		84CF81EC08F5EACA00F021FB /* English */ = {isa = PBXFileReference; fileEncoding = 4; lastKnownFileType = text.plist.strings; name = English; path = English.lproj/Localizable.strings; sourceTree = "<group>"; };
		84CF81F408F5EBCB00F021FB /* German */ = {isa = PBXFileReference; fileEncoding = 10; lastKnownFileType = text.plist.strings; name = German; path = German.lproj/Localizable.strings; sourceTree = "<group>"; };
		84DF85160F5A37CC00C272F1 /* PEFile.h */ = {isa = PBXFileReference; fileEncoding = 4; lastKnownFileType = sourcecode.c.h; path = PEFile.h; sourceTree = "<group>"; };
		84DF85170F5A37CC00C272F1 /* PEFile.m */ = {isa = PBXFileReference; fileEncoding = 4; lastKnownFileType = sourcecode.c.objc; path = PEFile.m; sourceTree = "<group>"; };
		84E38DE81036450B0099407B /* NSAlertCheckbox.h */ = {isa = PBXFileReference; fileEncoding = 4; lastKnownFileType = sourcecode.c.h; path = NSAlertCheckbox.h; sourceTree = "<group>"; };
		84E38DE91036450B0099407B /* NSAlertCheckbox.m */ = {isa = PBXFileReference; fileEncoding = 4; lastKnownFileType = sourcecode.c.objc; path = NSAlertCheckbox.m; sourceTree = "<group>"; };
		84E63DC209B53F1500DA4444 /* Info-PermanentEraser__Upgraded_.plist */ = {isa = PBXFileReference; lastKnownFileType = text.plist.xml; path = "Info-PermanentEraser__Upgraded_.plist"; sourceTree = "<group>"; };
		84E63DC309B53F1500DA4444 /* Permanent Eraser.app */ = {isa = PBXFileReference; explicitFileType = wrapper.application; includeInIndex = 0; path = "Permanent Eraser.app"; sourceTree = BUILT_PRODUCTS_DIR; };
		84E724770C0D0E56005C0E9C /* Erase.xcodeproj */ = {isa = PBXFileReference; lastKnownFileType = "wrapper.pb-project"; name = Erase.xcodeproj; path = Erase/Erase.xcodeproj; sourceTree = "<group>"; };
		84EAA1680B517B7C00D31BD2 /* French */ = {isa = PBXFileReference; lastKnownFileType = wrapper.nib; name = French; path = French.lproj/MainMenu.nib; sourceTree = "<group>"; };
		84EAA16D0B517BA000D31BD2 /* French */ = {isa = PBXFileReference; lastKnownFileType = text.plist.strings; name = French; path = French.lproj/InfoPlist.strings; sourceTree = "<group>"; };
		84EAA16E0B517BB600D31BD2 /* French */ = {isa = PBXFileReference; fileEncoding = 4; lastKnownFileType = text.plist.strings; name = French; path = French.lproj/Localizable.strings; sourceTree = "<group>"; };
		84F20CFE0B45F71E00DD4983 /* Dutch */ = {isa = PBXFileReference; lastKnownFileType = wrapper.nib; name = Dutch; path = Dutch.lproj/MainMenu.nib; sourceTree = "<group>"; };
		84F20D130B45F75200DD4983 /* Dutch */ = {isa = PBXFileReference; lastKnownFileType = text.plist.strings; name = Dutch; path = Dutch.lproj/InfoPlist.strings; sourceTree = "<group>"; };
		84FB950A0B4CAA0400486D06 /* Dutch */ = {isa = PBXFileReference; fileEncoding = 10; lastKnownFileType = text.plist.strings; name = Dutch; path = Dutch.lproj/Localizable.strings; sourceTree = "<group>"; };
		84FCCDE008ECDE4A00333510 /* German */ = {isa = PBXFileReference; lastKnownFileType = wrapper.nib; name = German; path = German.lproj/MainMenu.nib; sourceTree = "<group>"; };
		84FCCDEC08ECDE7A00333510 /* German */ = {isa = PBXFileReference; lastKnownFileType = text.plist.strings; name = German; path = German.lproj/InfoPlist.strings; sourceTree = "<group>"; };
		BEB16AB611DE29A600AD23A3 /* plugin.png */ = {isa = PBXFileReference; lastKnownFileType = image.png; name = plugin.png; path = images/plugin.png; sourceTree = "<group>"; };
/* End PBXFileReference section */

/* Begin PBXFrameworksBuildPhase section */
		29B9732DFDCFA39411CA2CEA /* Frameworks */ = {
			isa = PBXFrameworksBuildPhase;
			buildActionMask = 2147483647;
			files = (
				1058C7A3FEA54F0111CA2CBB /* Cocoa.framework in Frameworks */,
				84583AE60B54A1840078A640 /* Carbon.framework in Frameworks */,
				845E65E30B967C6100391EE2 /* DiscRecording.framework in Frameworks */,
			);
			runOnlyForDeploymentPostprocessing = 0;
		};
		84567D23132C621A0070AD1A /* Frameworks */ = {
			isa = PBXFrameworksBuildPhase;
			buildActionMask = 2147483647;
			files = (
				84567D24132C621A0070AD1A /* Cocoa.framework in Frameworks */,
				84567D25132C621A0070AD1A /* Carbon.framework in Frameworks */,
				84567D26132C621A0070AD1A /* DiscRecording.framework in Frameworks */,
				84221BC1155E00BC00768456 /* IOKit.framework in Frameworks */,
			);
			runOnlyForDeploymentPostprocessing = 0;
		};
		84E63DBC09B53F1500DA4444 /* Frameworks */ = {
			isa = PBXFrameworksBuildPhase;
			buildActionMask = 2147483647;
			files = (
				84E63DBD09B53F1500DA4444 /* Cocoa.framework in Frameworks */,
				84583AE70B54A1840078A640 /* Carbon.framework in Frameworks */,
				845E65E40B967C6100391EE2 /* DiscRecording.framework in Frameworks */,
				84484D621516A2A000B61DDA /* IOKit.framework in Frameworks */,
			);
			runOnlyForDeploymentPostprocessing = 0;
		};
/* End PBXFrameworksBuildPhase section */

/* Begin PBXGroup section */
		080E96DDFE201D6D7F000001 /* Classes */ = {
			isa = PBXGroup;
			children = (
				84524313048BDAA40003BAA1 /* PEController.h */,
				84524314048BDAA40003BAA1 /* PEController.m */,
				84DF85160F5A37CC00C272F1 /* PEFile.h */,
				84DF85170F5A37CC00C272F1 /* PEFile.m */,
				849D049E11C9C93F00BCE8F2 /* PreferencesController.h */,
				849D049F11C9C93F00BCE8F2 /* PreferencesController.m */,
				84DF851A0F5A37E400C272F1 /* Utils */,
			);
			name = Classes;
			sourceTree = "<group>";
		};
		1058C7A0FEA54F0111CA2CBB /* Linked Frameworks */ = {
			isa = PBXGroup;
			children = (
				84583AE50B54A1840078A640 /* Carbon.framework */,
				1058C7A1FEA54F0111CA2CBB /* Cocoa.framework */,
			);
			name = "Linked Frameworks";
			sourceTree = "<group>";
		};
		1058C7A2FEA54F0111CA2CBB /* Other Frameworks */ = {
			isa = PBXGroup;
			children = (
				29B97325FDCFA39411CA2CEA /* Foundation.framework */,
				29B97324FDCFA39411CA2CEA /* AppKit.framework */,
				84484D611516A2A000B61DDA /* IOKit.framework */,
			);
			name = "Other Frameworks";
			sourceTree = "<group>";
		};
		19C28FACFE9D520D11CA2CBB /* Products */ = {
			isa = PBXGroup;
			children = (
				17587328FF379C6511CA2CBB /* Permanent Eraser.app */,
				84E63DC309B53F1500DA4444 /* Permanent Eraser.app */,
				84567D32132C621A0070AD1A /* Permanent Eraser.app */,
			);
			name = Products;
			sourceTree = "<group>";
		};
		29B97314FDCFA39411CA2CEA /* PermanentEraser */ = {
			isa = PBXGroup;
			children = (
				080E96DDFE201D6D7F000001 /* Classes */,
				29B97315FDCFA39411CA2CEA /* Other Sources */,
				84F6D5010C0BDD9F00CC11F4 /* Automator */,
				849D2F8812163EA5000F6610 /* Plug-Ins */,
				29B97317FDCFA39411CA2CEA /* Resources */,
				29B97323FDCFA39411CA2CEA /* Frameworks */,
				19C28FACFE9D520D11CA2CBB /* Products */,
			);
			name = PermanentEraser;
			sourceTree = "<group>";
		};
		29B97315FDCFA39411CA2CEA /* Other Sources */ = {
			isa = PBXGroup;
			children = (
				32CA4F630368D1EE00C91783 /* PermanentEraser_Prefix.h */,
				29B97316FDCFA39411CA2CEA /* main.m */,
			);
			name = "Other Sources";
			sourceTree = "<group>";
		};
		29B97317FDCFA39411CA2CEA /* Resources */ = {
			isa = PBXGroup;
			children = (
				84907D21154B9AB800B614D0 /* srm */,
				849D043D11C9C7C000BCE8F2 /* Images */,
				84979868122CACCB001DBBF8 /* Help */,
				849D043E11C9C7D200BCE8F2 /* NIBs */,
				089C165CFE840E0CC02AAC07 /* InfoPlist.strings */,
				84CF81EB08F5EACA00F021FB /* Localizable.strings */,
				84E63DC209B53F1500DA4444 /* Info-PermanentEraser__Upgraded_.plist */,
				84567D34132C621A0070AD1A /* Info-PermanentEraser_MAS.plist */,
			);
			name = Resources;
			sourceTree = "<group>";
		};
		29B97323FDCFA39411CA2CEA /* Frameworks */ = {
			isa = PBXGroup;
			children = (
				843100AD0B9A2A5C00C031C1 /* DiscRecording */,
				1058C7A0FEA54F0111CA2CBB /* Linked Frameworks */,
				1058C7A2FEA54F0111CA2CBB /* Other Frameworks */,
			);
			name = Frameworks;
			sourceTree = "<group>";
		};
		8409A24E0C0C586A00951A52 /* Products */ = {
			isa = PBXGroup;
			children = (
				8409A2570C0C586B00951A52 /* EraseTrash.action */,
			);
			name = Products;
			sourceTree = "<group>";
		};
		843100AD0B9A2A5C00C031C1 /* DiscRecording */ = {
			isa = PBXGroup;
			children = (
				845E65E20B967C6100391EE2 /* DiscRecording.framework */,
			);
			name = DiscRecording;
			sourceTree = "<group>";
		};
		84753CED1FB904FB009C7EC5 /* Products */ = {
			isa = PBXGroup;
			children = (
				84753CF41FB904FB009C7EC5 /* EraseFreespace.action */,
			);
			name = Products;
			sourceTree = "<group>";
		};
		84907D21154B9AB800B614D0 /* srm */ = {
			isa = PBXGroup;
			children = (
				84907D23154B9AE200B614D0 /* srm */,
				84907D22154B9AC200B614D0 /* MAS */,
			);
			name = srm;
			sourceTree = "<group>";
		};
		84907D22154B9AC200B614D0 /* MAS */ = {
			isa = PBXGroup;
			children = (
				84907D25154B9AF900B614D0 /* srm */,
			);
			name = MAS;
			sourceTree = "<group>";
		};
		84979868122CACCB001DBBF8 /* Help */ = {
			isa = PBXGroup;
			children = (
				849798CF122CAD04001DBBF8 /* Permanent Eraser Help */,
			);
			name = Help;
			sourceTree = "<group>";
		};
		849D043D11C9C7C000BCE8F2 /* Images */ = {
			isa = PBXGroup;
			children = (
				BEB16AB611DE29A600AD23A3 /* plugin.png */,
				84078F1C1A9449D4009AC273 /* plugin@2x.png */,
				84078F081A9444C8009AC273 /* software_update.png */,
				84078F091A9444C8009AC273 /* software_update@2x.png */,
				842DA8521A73513E00BFD9F3 /* PE_40x40.png */,
				842DA8531A73513E00BFD9F3 /* PE_40x40@2x.png */,
				842DA8341A73495F00BFD9F3 /* PE_128x128.png */,
				842DA8351A73495F00BFD9F3 /* PE_128x128@2x.png */,
				8411A3DF0BAE2CBF00AA5045 /* PE.icns */,
			);
			name = Images;
			sourceTree = "<group>";
		};
		849D043E11C9C7D200BCE8F2 /* NIBs */ = {
			isa = PBXGroup;
			children = (
				29B97318FDCFA39411CA2CEA /* MainMenu.nib */,
				849D043B11C9C75500BCE8F2 /* Preferences.nib */,
			);
			name = NIBs;
			sourceTree = "<group>";
		};
		849D2F8812163EA5000F6610 /* Plug-Ins */ = {
			isa = PBXGroup;
			children = (
				849D2F7D12163E84000F6610 /* Erase.workflow */,
			);
			name = "Plug-Ins";
			sourceTree = "<group>";
		};
		84DF851A0F5A37E400C272F1 /* Utils */ = {
			isa = PBXGroup;
			children = (
				8440847B10C8B57B009EA3C5 /* CTProgressBadge.h */,
				8440847C10C8B57B009EA3C5 /* CTProgressBadge.m */,
				84E38DE81036450B0099407B /* NSAlertCheckbox.h */,
				84E38DE91036450B0099407B /* NSAlertCheckbox.m */,
				8405E9D70B55C88300483441 /* NSEvent+ModifierKeys.h */,
				8405E9D80B55C88300483441 /* NSEvent+ModifierKeys.m */,
				8438F44812A89C9600F9F813 /* NSFileManager+Utils.h */,
				8438F44912A89C9600F9F813 /* NSFileManager+Utils.m */,
				840E122A1A3D36E500E0C399 /* NSProcessInfo+Backport.h */,
				840E122B1A3D36E500E0C399 /* NSProcessInfo+Backport.m */,
				840E12301A3D4A5600E0C399 /* NSProcessInfo+PECocoaBackports.h */,
				840E12311A3D4A5600E0C399 /* NSProcessInfo+PECocoaBackports.m */,
				840E12321A3D4A5600E0C399 /* PECocoaBackportsGlobal.h */,
				84175C761A4BCB5100E8633D /* NSProcessInfo+Utils.h */,
				84175C771A4BCB5100E8633D /* NSProcessInfo+Utils.m */,
			);
			name = Utils;
			sourceTree = "<group>";
		};
		84E724780C0D0E56005C0E9C /* Products */ = {
			isa = PBXGroup;
			children = (
				84E724810C0D0E56005C0E9C /* Erase.action */,
			);
			name = Products;
			sourceTree = "<group>";
		};
		84F6D5010C0BDD9F00CC11F4 /* Automator */ = {
			isa = PBXGroup;
			children = (
				84753CEC1FB904FB009C7EC5 /* EraseFreespace.xcodeproj */,
				84E724770C0D0E56005C0E9C /* Erase.xcodeproj */,
				8409A24D0C0C586A00951A52 /* EraseTrash.xcodeproj */,
			);
			name = Automator;
			sourceTree = "<group>";
		};
/* End PBXGroup section */

/* Begin PBXHeadersBuildPhase section */
		29B97327FDCFA39411CA2CEA /* Headers */ = {
			isa = PBXHeadersBuildPhase;
			buildActionMask = 2147483647;
			files = (
				32CA4F650368D2AA00C91783 /* PermanentEraser_Prefix.h in Headers */,
				84524315048BDAA40003BAA1 /* PEController.h in Headers */,
				8405E9D90B55C88300483441 /* NSEvent+ModifierKeys.h in Headers */,
			);
			runOnlyForDeploymentPostprocessing = 0;
		};
		84567D02132C621A0070AD1A /* Headers */ = {
			isa = PBXHeadersBuildPhase;
			buildActionMask = 2147483647;
			files = (
				84567D03132C621A0070AD1A /* PermanentEraser_Prefix.h in Headers */,
				84567D04132C621A0070AD1A /* PEController.h in Headers */,
				84567D05132C621A0070AD1A /* NSEvent+ModifierKeys.h in Headers */,
				84567D06132C621A0070AD1A /* PEFile.h in Headers */,
				84567D07132C621A0070AD1A /* NSAlertCheckbox.h in Headers */,
				84567D08132C621A0070AD1A /* CTProgressBadge.h in Headers */,
				84567D09132C621A0070AD1A /* PreferencesController.h in Headers */,
				84567D0A132C621A0070AD1A /* NSFileManager+Utils.h in Headers */,
				840E12331A3D4A5600E0C399 /* NSProcessInfo+PECocoaBackports.h in Headers */,
				840E12351A3D4A5600E0C399 /* PECocoaBackportsGlobal.h in Headers */,
			);
			runOnlyForDeploymentPostprocessing = 0;
		};
		84E63DAE09B53F1500DA4444 /* Headers */ = {
			isa = PBXHeadersBuildPhase;
			buildActionMask = 2147483647;
			files = (
				84E63DAF09B53F1500DA4444 /* PermanentEraser_Prefix.h in Headers */,
				84E63DB009B53F1500DA4444 /* PEController.h in Headers */,
				8405E9DB0B55C88300483441 /* NSEvent+ModifierKeys.h in Headers */,
				84DF85180F5A37CC00C272F1 /* PEFile.h in Headers */,
				84E38DEA1036450B0099407B /* NSAlertCheckbox.h in Headers */,
				8440847D10C8B57B009EA3C5 /* CTProgressBadge.h in Headers */,
				849D04A011C9C93F00BCE8F2 /* PreferencesController.h in Headers */,
				8438F44A12A89C9600F9F813 /* NSFileManager+Utils.h in Headers */,
				8429FF151A50DF9400F011F7 /* NSProcessInfo+PECocoaBackports.h in Headers */,
				8429FF521A51150A00F011F7 /* PECocoaBackportsGlobal.h in Headers */,
			);
			runOnlyForDeploymentPostprocessing = 0;
		};
/* End PBXHeadersBuildPhase section */

/* Begin PBXNativeTarget section */
		84567D01132C621A0070AD1A /* PermanentEraser MAS */ = {
			isa = PBXNativeTarget;
			buildConfigurationList = 84567D2E132C621A0070AD1A /* Build configuration list for PBXNativeTarget "PermanentEraser MAS" */;
			buildPhases = (
				84567D02132C621A0070AD1A /* Headers */,
				84567D0B132C621A0070AD1A /* Resources */,
				84567D1A132C621A0070AD1A /* Sources */,
				84567D23132C621A0070AD1A /* Frameworks */,
				84567D28132C621A0070AD1A /* CopyFiles */,
			);
			buildRules = (
			);
			dependencies = (
			);
			name = "PermanentEraser MAS";
			productInstallPath = "$(HOME)/Applications";
			productName = PermanentEraser;
			productReference = 84567D32132C621A0070AD1A /* Permanent Eraser.app */;
			productType = "com.apple.product-type.application";
		};
		84E63DAD09B53F1500DA4444 /* PermanentEraser (Upgraded) */ = {
			isa = PBXNativeTarget;
			buildConfigurationList = 84E63DBE09B53F1500DA4444 /* Build configuration list for PBXNativeTarget "PermanentEraser (Upgraded)" */;
			buildPhases = (
				84E63DAE09B53F1500DA4444 /* Headers */,
				84E63DB109B53F1500DA4444 /* Resources */,
				84E63DB909B53F1500DA4444 /* Sources */,
				84E63DBC09B53F1500DA4444 /* Frameworks */,
				84F6D3610C0BB41100CC11F4 /* CopyFiles */,
				849D2FD51216404B000F6610 /* CopyFiles */,
				849D2F6412163B2B000F6610 /* ShellScript */,
				84F0ED491B72FE1000C27D2A /* CopyFiles */,
			);
			buildRules = (
			);
			dependencies = (
			);
			name = "PermanentEraser (Upgraded)";
			productInstallPath = "$(HOME)/Applications";
			productName = PermanentEraser;
			productReference = 84E63DC309B53F1500DA4444 /* Permanent Eraser.app */;
			productType = "com.apple.product-type.application";
		};
/* End PBXNativeTarget section */

/* Begin PBXProject section */
		29B97313FDCFA39411CA2CEA /* Project object */ = {
			isa = PBXProject;
			buildConfigurationList = 84D1577C08EB759400EF9E06 /* Build configuration list for PBXProject "PermanentEraser" */;
			compatibilityVersion = "Xcode 3.1";
			developmentRegion = English;
			hasScannedForEncodings = 1;
			knownRegions = (
				English,
				Japanese,
				French,
				German,
				Dutch,
				zh_TW,
				sv,
				Italian,
				cy,
			);
			mainGroup = 29B97314FDCFA39411CA2CEA /* PermanentEraser */;
			projectDirPath = "";
			projectReferences = (
				{
					ProductGroup = 84E724780C0D0E56005C0E9C /* Products */;
					ProjectRef = 84E724770C0D0E56005C0E9C /* Erase.xcodeproj */;
				},
				{
					ProductGroup = 84753CED1FB904FB009C7EC5 /* Products */;
					ProjectRef = 84753CEC1FB904FB009C7EC5 /* EraseFreespace.xcodeproj */;
				},
				{
					ProductGroup = 8409A24E0C0C586A00951A52 /* Products */;
					ProjectRef = 8409A24D0C0C586A00951A52 /* EraseTrash.xcodeproj */;
				},
			);
			projectRoot = "";
			targets = (
				84E63DAD09B53F1500DA4444 /* PermanentEraser (Upgraded) */,
				29B97326FDCFA39411CA2CEA /* PermanentEraser */,
				84567D01132C621A0070AD1A /* PermanentEraser MAS */,
			);
		};
/* End PBXProject section */

/* Begin PBXReferenceProxy section */
		8409A2570C0C586B00951A52 /* EraseTrash.action */ = {
			isa = PBXReferenceProxy;
			fileType = wrapper.cfbundle;
			path = EraseTrash.action;
			remoteRef = 8409A2560C0C586B00951A52 /* PBXContainerItemProxy */;
			sourceTree = BUILT_PRODUCTS_DIR;
		};
		84753CF41FB904FB009C7EC5 /* EraseFreespace.action */ = {
			isa = PBXReferenceProxy;
			fileType = wrapper.cfbundle;
			path = EraseFreespace.action;
			remoteRef = 84753CF31FB904FB009C7EC5 /* PBXContainerItemProxy */;
			sourceTree = BUILT_PRODUCTS_DIR;
		};
		84E724810C0D0E56005C0E9C /* Erase.action */ = {
			isa = PBXReferenceProxy;
			fileType = wrapper.cfbundle;
			path = Erase.action;
			remoteRef = 84E724800C0D0E56005C0E9C /* PBXContainerItemProxy */;
			sourceTree = BUILT_PRODUCTS_DIR;
		};
/* End PBXReferenceProxy section */

/* Begin PBXResourcesBuildPhase section */
		29B97328FDCFA39411CA2CEA /* Resources */ = {
			isa = PBXResourcesBuildPhase;
			buildActionMask = 2147483647;
			files = (
				080E96DCFE201CFB7F000001 /* MainMenu.nib in Resources */,
				089C165EFE840E0CC02AAC07 /* InfoPlist.strings in Resources */,
				84CF81ED08F5EACA00F021FB /* Localizable.strings in Resources */,
				8411A3E00BAE2CBF00AA5045 /* PE.icns in Resources */,
			);
			runOnlyForDeploymentPostprocessing = 0;
		};
		84567D0B132C621A0070AD1A /* Resources */ = {
			isa = PBXResourcesBuildPhase;
			buildActionMask = 2147483647;
			files = (
				84567D0C132C621A0070AD1A /* MainMenu.nib in Resources */,
				84567D0D132C621A0070AD1A /* InfoPlist.strings in Resources */,
				84567D0F132C621A0070AD1A /* Localizable.strings in Resources */,
				84567D10132C621A0070AD1A /* PE.icns in Resources */,
				84567D12132C621A0070AD1A /* Preferences.nib in Resources */,
				84567D19132C621A0070AD1A /* Permanent Eraser Help in Resources */,
				84907D26154B9AF900B614D0 /* srm in Resources */,
				842DA8361A73495F00BFD9F3 /* PE_128x128.png in Resources */,
				842DA8371A73495F00BFD9F3 /* PE_128x128@2x.png in Resources */,
				842DA8541A73513E00BFD9F3 /* PE_40x40.png in Resources */,
				842DA8551A73513E00BFD9F3 /* PE_40x40@2x.png in Resources */,
				8467A1391FD395510072FEC8 /* EraseFreespace.action in Resources */,
			);
			runOnlyForDeploymentPostprocessing = 0;
		};
		84E63DB109B53F1500DA4444 /* Resources */ = {
			isa = PBXResourcesBuildPhase;
			buildActionMask = 2147483647;
			files = (
				84E63DB209B53F1500DA4444 /* MainMenu.nib in Resources */,
				84E63DB309B53F1500DA4444 /* InfoPlist.strings in Resources */,
				84E63DB609B53F1500DA4444 /* Localizable.strings in Resources */,
				8411A3E10BAE2CBF00AA5045 /* PE.icns in Resources */,
				849D043C11C9C75500BCE8F2 /* Preferences.nib in Resources */,
				BEB16AB711DE29A600AD23A3 /* plugin.png in Resources */,
				849D2F8612163E84000F6610 /* Erase.workflow in Resources */,
				84979906122CAD04001DBBF8 /* Permanent Eraser Help in Resources */,
				84907D24154B9AE200B614D0 /* srm in Resources */,
				842DA8381A73495F00BFD9F3 /* PE_128x128.png in Resources */,
				842DA8391A73495F00BFD9F3 /* PE_128x128@2x.png in Resources */,
				842DA8561A73513E00BFD9F3 /* PE_40x40.png in Resources */,
				842DA8571A73513E00BFD9F3 /* PE_40x40@2x.png in Resources */,
				84078F0C1A9444C8009AC273 /* software_update.png in Resources */,
				84078F0D1A9444C8009AC273 /* software_update@2x.png in Resources */,
				84078F1E1A9449D4009AC273 /* plugin@2x.png in Resources */,
			);
			runOnlyForDeploymentPostprocessing = 0;
		};
/* End PBXResourcesBuildPhase section */

/* Begin PBXShellScriptBuildPhase section */
		849D2F6412163B2B000F6610 /* ShellScript */ = {
			isa = PBXShellScriptBuildPhase;
			buildActionMask = 2147483647;
			files = (
			);
			inputPaths = (
			);
			outputPaths = (
			);
			runOnlyForDeploymentPostprocessing = 0;
			shellPath = /bin/sh;
			shellScript = "# unzip the plug-ins\n#cd \"$PROJECT_DIR\"\n#cd Plug-Ins\n#unzip -o Erase.zip\n#unzip -o Permanent\\ Eraser.zip\n\n#rm -Rf __MACOSX\n\n# copy the plug-ins to Contents/Plug-Ins\n\nPE_SRC_PLUGIN_PATH=\"$PROJECT_DIR/EraseCMI/EraseCMI.plugin\"\nPE_DEST_PLUGIN_PATH=\"$CONFIGURATION_BUILD_DIR/$PLUGINS_FOLDER_PATH/EraseCMI.plugin\"\n\necho \"Configuration Directory: $CONFIGURATION_BUILD_DIR\"\necho \"Project Directory: $PROJECT_DIR\"\necho \"Build Directory: $BUILD_DIR\"\necho \"Plug-in Path: $PLUGINS_FOLDER_PATH\"\necho \"Source plug-in path: $PE_SRC_PLUGIN_PATH\"\necho \"Dest plug-in path: $PE_DEST_PLUGIN_PATH\"\n\nrm -Rf \"$PE_DEST_PLUGIN_PATH\" # Remove the old copy\ncp -Rpf \"$PE_SRC_PLUGIN_PATH\" \"$PE_DEST_PLUGIN_PATH\"\n\n# Dest plug-in path: /Users/admin/Programs/builds/Permanent Eraser/build/Permanent Eraser.app/Contents/PlugIns/EraseCMI.plugin\n# cp: /Users/admin/Programs/builds/Permanent Eraser/build/Permanent Eraser.app/Contents/PlugIns: No such file or directory\n\n\n\n\n\n";
		};
/* End PBXShellScriptBuildPhase section */

/* Begin PBXSourcesBuildPhase section */
		29B9732BFDCFA39411CA2CEA /* Sources */ = {
			isa = PBXSourcesBuildPhase;
			buildActionMask = 2147483647;
			files = (
				29B9732CFDCFA39411CA2CEA /* main.m in Sources */,
				84524316048BDAA40003BAA1 /* PEController.m in Sources */,
				8405E9DA0B55C88300483441 /* NSEvent+ModifierKeys.m in Sources */,
			);
			runOnlyForDeploymentPostprocessing = 0;
		};
		84567D1A132C621A0070AD1A /* Sources */ = {
			isa = PBXSourcesBuildPhase;
			buildActionMask = 2147483647;
			files = (
				84567D1B132C621A0070AD1A /* main.m in Sources */,
				84567D1C132C621A0070AD1A /* PEController.m in Sources */,
				84567D1D132C621A0070AD1A /* NSEvent+ModifierKeys.m in Sources */,
				84567D1E132C621A0070AD1A /* PEFile.m in Sources */,
				84567D1F132C621A0070AD1A /* NSAlertCheckbox.m in Sources */,
				84567D20132C621A0070AD1A /* CTProgressBadge.m in Sources */,
				84567D21132C621A0070AD1A /* PreferencesController.m in Sources */,
				84567D22132C621A0070AD1A /* NSFileManager+Utils.m in Sources */,
				840E12341A3D4A5600E0C399 /* NSProcessInfo+PECocoaBackports.m in Sources */,
			);
			runOnlyForDeploymentPostprocessing = 0;
		};
		84E63DB909B53F1500DA4444 /* Sources */ = {
			isa = PBXSourcesBuildPhase;
			buildActionMask = 2147483647;
			files = (
				84E63DBA09B53F1500DA4444 /* main.m in Sources */,
				84E63DBB09B53F1500DA4444 /* PEController.m in Sources */,
				8405E9DC0B55C88300483441 /* NSEvent+ModifierKeys.m in Sources */,
				84DF85190F5A37CC00C272F1 /* PEFile.m in Sources */,
				84E38DEB1036450B0099407B /* NSAlertCheckbox.m in Sources */,
				8440847E10C8B57B009EA3C5 /* CTProgressBadge.m in Sources */,
				849D04A111C9C93F00BCE8F2 /* PreferencesController.m in Sources */,
				8438F44B12A89C9600F9F813 /* NSFileManager+Utils.m in Sources */,
				8429FF141A50DF9300F011F7 /* NSProcessInfo+PECocoaBackports.m in Sources */,
			);
			runOnlyForDeploymentPostprocessing = 0;
		};
/* End PBXSourcesBuildPhase section */

/* Begin PBXVariantGroup section */
		089C165CFE840E0CC02AAC07 /* InfoPlist.strings */ = {
			isa = PBXVariantGroup;
			children = (
				089C165DFE840E0CC02AAC07 /* English */,
				84FCCDEC08ECDE7A00333510 /* German */,
				84F20D130B45F75200DD4983 /* Dutch */,
				84EAA16D0B517BA000D31BD2 /* French */,
				8404CE790B7433F600CECB37 /* zh_TW */,
				845EF8450BE97BD800EE6556 /* sv */,
				84267ED80EE6457900F4C36D /* Italian */,
				842101CE1F38236C005B3497 /* cy */,
			);
			name = InfoPlist.strings;
			sourceTree = "<group>";
		};
		29B97318FDCFA39411CA2CEA /* MainMenu.nib */ = {
			isa = PBXVariantGroup;
			children = (
				29B97319FDCFA39411CA2CEA /* English */,
				84FCCDE008ECDE4A00333510 /* German */,
				84F20CFE0B45F71E00DD4983 /* Dutch */,
				84EAA1680B517B7C00D31BD2 /* French */,
				8404CE780B7433D600CECB37 /* zh_TW */,
				845EF8410BE97B9E00EE6556 /* sv */,
				84267ED70EE6456D00F4C36D /* Italian */,
				842101D81F3824EA005B3497 /* cy */,
			);
			name = MainMenu.nib;
			sourceTree = "<group>";
		};
		849798CF122CAD04001DBBF8 /* Permanent Eraser Help */ = {
			isa = PBXVariantGroup;
			children = (
				849798D0122CAD04001DBBF8 /* English */,
			);
			name = "Permanent Eraser Help";
			sourceTree = "<group>";
		};
		849D043B11C9C75500BCE8F2 /* Preferences.nib */ = {
			isa = PBXVariantGroup;
			children = (
				849D043711C9C68F00BCE8F2 /* English */,
				847BA6E41303A20400427D14 /* Dutch */,
				847BA6E51303A20800427D14 /* sv */,
			);
			name = Preferences.nib;
			sourceTree = "<group>";
		};
		84CF81EB08F5EACA00F021FB /* Localizable.strings */ = {
			isa = PBXVariantGroup;
			children = (
				84CF81EC08F5EACA00F021FB /* English */,
				84CF81F408F5EBCB00F021FB /* German */,
				84FB950A0B4CAA0400486D06 /* Dutch */,
				84EAA16E0B517BB600D31BD2 /* French */,
				8404CE870B74349F00CECB37 /* zh_TW */,
				845EF8480BE97BE100EE6556 /* sv */,
				84267EDA0EE6458B00F4C36D /* Italian */,
				842101D31F38242A005B3497 /* cy */,
			);
			name = Localizable.strings;
			sourceTree = "<group>";
		};
/* End PBXVariantGroup section */

/* Begin XCBuildConfiguration section */
		84567D2F132C621A0070AD1A /* Debug */ = {
			isa = XCBuildConfiguration;
			buildSettings = {
				COPY_PHASE_STRIP = NO;
				FRAMEWORK_SEARCH_PATHS = "";
				GCC_DYNAMIC_NO_PIC = NO;
				GCC_ENABLE_FIX_AND_CONTINUE = YES;
				GCC_GENERATE_DEBUGGING_SYMBOLS = YES;
				GCC_OPTIMIZATION_LEVEL = 0;
				GCC_PRECOMPILE_PREFIX_HEADER = YES;
				GCC_PREFIX_HEADER = PermanentEraser_Prefix.h;
				GCC_VERSION_ppc = 4.0;
				HEADER_SEARCH_PATHS = "";
				INFOPLIST_FILE = "Info-PermanentEraser_MAS.plist";
				INSTALL_PATH = "$(HOME)/Applications";
				LIBRARY_SEARCH_PATHS = "";
				MACOSX_DEPLOYMENT_TARGET_ppc = 10.4;
				OTHER_CFLAGS = "";
				OTHER_LDFLAGS = "";
				PREBINDING = NO;
				PRODUCT_NAME = "Permanent Eraser";
				SDKROOT_ppc = /Developer/SDKs/MacOSX10.4u.sdk;
				SECTORDER_FLAGS = "";
				WARNING_CFLAGS = (
					"-Wmost",
					"-Wno-four-char-constants",
					"-Wno-unknown-pragmas",
				);
				WRAPPER_EXTENSION = app;
				ZERO_LINK = NO;
			};
			name = Debug;
		};
		84567D30132C621A0070AD1A /* Release */ = {
			isa = XCBuildConfiguration;
			buildSettings = {
				ARCHS = (
					ppc,
					i386,
				);
				COPY_PHASE_STRIP = YES;
				FRAMEWORK_SEARCH_PATHS = "";
				GCC_ENABLE_FIX_AND_CONTINUE = NO;
				GCC_PRECOMPILE_PREFIX_HEADER = YES;
				GCC_PREFIX_HEADER = PermanentEraser_Prefix.h;
				GCC_VERSION_i386 = 4.0;
				GCC_VERSION_ppc = 4.0;
				HEADER_SEARCH_PATHS = "";
				INFOPLIST_FILE = "Info-PermanentEraser_MAS.plist";
				INSTALL_PATH = "$(HOME)/Applications";
				LIBRARY_SEARCH_PATHS = "";
				MACOSX_DEPLOYMENT_TARGET_i386 = 10.4;
				MACOSX_DEPLOYMENT_TARGET_ppc = 10.4;
				OTHER_CFLAGS = "";
				OTHER_LDFLAGS = "";
				OTHER_LDFLAGS_ppc = "-prebind";
				PRODUCT_NAME = "Permanent Eraser";
				SDKROOT_i386 = /Developer/SDKs/MacOSX10.4u.sdk;
				SDKROOT_ppc = /Developer/SDKs/MacOSX10.4u.sdk;
				SECTORDER_FLAGS = "";
				WARNING_CFLAGS = (
					"-Wmost",
					"-Wno-four-char-constants",
					"-Wno-unknown-pragmas",
				);
				WRAPPER_EXTENSION = app;
				ZERO_LINK = NO;
			};
			name = Release;
		};
		84567D31132C621A0070AD1A /* Default */ = {
			isa = XCBuildConfiguration;
			buildSettings = {
				FRAMEWORK_SEARCH_PATHS = "";
				GCC_PRECOMPILE_PREFIX_HEADER = YES;
				GCC_PREFIX_HEADER = PermanentEraser_Prefix.h;
				HEADER_SEARCH_PATHS = "";
				INFOPLIST_FILE = "Info-PermanentEraser_MAS.plist";
				INSTALL_PATH = "$(HOME)/Applications";
				LIBRARY_SEARCH_PATHS = "";
				OTHER_CFLAGS = "";
				OTHER_LDFLAGS = "";
				PRODUCT_NAME = "Permanent Eraser";
				SECTORDER_FLAGS = "";
				WARNING_CFLAGS = (
					"-Wmost",
					"-Wno-four-char-constants",
					"-Wno-unknown-pragmas",
				);
				WRAPPER_EXTENSION = app;
			};
			name = Default;
		};
		846FFC7314C2AFA600B97F42 /* Release MAS */ = {
			isa = XCBuildConfiguration;
			buildSettings = {
				ARCHS = "$(ARCHS_STANDARD_32_64_BIT)";
				GCC_VERSION = 4.0;
				GCC_WARN_MISSING_PARENTHESES = NO;
				SDKROOT = macosx10.5;
			};
			name = "Release MAS";
		};
		846FFC7414C2AFA600B97F42 /* Release MAS */ = {
			isa = XCBuildConfiguration;
			buildSettings = {
				ARCHS = "$(ARCHS_STANDARD_32_64_BIT)";
				COPY_PHASE_STRIP = YES;
				FRAMEWORK_SEARCH_PATHS = "";
				GCC_ENABLE_FIX_AND_CONTINUE = NO;
				GCC_PRECOMPILE_PREFIX_HEADER = YES;
				GCC_PREFIX_HEADER = PermanentEraser_Prefix.h;
				GCC_VERSION_i386 = 4.0;
				GCC_VERSION_ppc = 4.0;
				HEADER_SEARCH_PATHS = "";
				INFOPLIST_FILE = "Info-PermanentEraser__Upgraded_.plist";
				INSTALL_PATH = "$(HOME)/Applications";
				LIBRARY_SEARCH_PATHS = "";
				MACOSX_DEPLOYMENT_TARGET_i386 = 10.5;
				MACOSX_DEPLOYMENT_TARGET_ppc = 10.5;
				OTHER_CFLAGS = "";
				OTHER_LDFLAGS = "";
				OTHER_LDFLAGS_ppc = "-prebind";
				PRODUCT_NAME = "Permanent Eraser";
				SDKROOT_i386 = /Developer/SDKs/MacOSX10.5.sdk;
				SDKROOT_ppc = /Developer/SDKs/MacOSX10.5.sdk;
				SECTORDER_FLAGS = "";
				WARNING_CFLAGS = (
					"-Wmost",
					"-Wno-four-char-constants",
					"-Wno-unknown-pragmas",
				);
				WRAPPER_EXTENSION = app;
				ZERO_LINK = NO;
			};
			name = "Release MAS";
		};
		846FFC7514C2AFA600B97F42 /* Release MAS */ = {
			isa = XCBuildConfiguration;
			buildSettings = {
				COPY_PHASE_STRIP = YES;
				FRAMEWORK_SEARCH_PATHS = "";
				GCC_ENABLE_FIX_AND_CONTINUE = NO;
				HEADER_SEARCH_PATHS = "";
				INSTALL_PATH = "$(HOME)/Applications";
				LIBRARY_SEARCH_PATHS = "";
				OTHER_CFLAGS = "";
				OTHER_LDFLAGS = "";
				PRECOMPILE_PREFIX_HEADER = YES;
				PREFIX_HEADER = PermanentEraser_Prefix.h;
				PRODUCT_NAME = "Permanent Eraser";
				SECTORDER_FLAGS = "";
				WARNING_CFLAGS = (
					"-Wmost",
					"-Wno-four-char-constants",
					"-Wno-unknown-pragmas",
				);
				WRAPPER_EXTENSION = app;
				ZERO_LINK = NO;
			};
			name = "Release MAS";
		};
		846FFC7614C2AFA600B97F42 /* Release MAS */ = {
			isa = XCBuildConfiguration;
			buildSettings = {
				ARCHS = "$(ARCHS_STANDARD_32_64_BIT)";
				CODE_SIGN_IDENTITY = "Don't Code Sign";
				COPY_PHASE_STRIP = YES;
				DEBUG_INFORMATION_FORMAT = "dwarf-with-dsym";
				FRAMEWORK_SEARCH_PATHS = "";
				GCC_ENABLE_FIX_AND_CONTINUE = NO;
				GCC_PRECOMPILE_PREFIX_HEADER = YES;
				GCC_PREFIX_HEADER = PermanentEraser_Prefix.h;
				GCC_VERSION_i386 = 4.0;
				GCC_VERSION_ppc = 4.0;
				HEADER_SEARCH_PATHS = "";
				INFOPLIST_FILE = "Info-PermanentEraser_MAS.plist";
				INSTALL_PATH = "$(HOME)/Applications";
				LIBRARY_SEARCH_PATHS = "";
				MACOSX_DEPLOYMENT_TARGET_i386 = 10.5;
				MACOSX_DEPLOYMENT_TARGET_ppc = 10.5;
				OTHER_CFLAGS = "-DMAC_APP_STORE";
				OTHER_LDFLAGS = "-lcrypto";
				OTHER_LDFLAGS_ppc = "-prebind";
				PRODUCT_NAME = "Permanent Eraser";
				SDKROOT = macosx10.6;
				SDKROOT_i386 = /Developer/SDKs/MacOSX10.5.sdk;
				SDKROOT_ppc = /Developer/SDKs/MacOSX10.5.sdk;
				SECTORDER_FLAGS = "";
				VALID_ARCHS = "i386 x86_64";
				WARNING_CFLAGS = (
					"-Wmost",
					"-Wno-four-char-constants",
					"-Wno-unknown-pragmas",
				);
				WRAPPER_EXTENSION = app;
				ZERO_LINK = NO;
			};
			name = "Release MAS";
		};
		846FFC7714C2AFAD00B97F42 /* Debug MAS */ = {
			isa = XCBuildConfiguration;
			buildSettings = {
				ARCHS = "$(ARCHS_STANDARD_32_64_BIT)";
				GCC_VERSION = 4.0;
				GCC_VERSION_i386 = 4.0;
				GCC_VERSION_ppc = 4.0;
				GCC_WARN_MISSING_PARENTHESES = NO;
				MACOSX_DEPLOYMENT_TARGET_i386 = 10.4;
				MACOSX_DEPLOYMENT_TARGET_ppc = 10.4;
				OTHER_LDFLAGS_ppc = "-prebind";
				SDKROOT = macosx10.5;
				SDKROOT_i386 = /Developer/SDKs/MacOSX10.4u.sdk;
				SDKROOT_ppc = /Developer/SDKs/MacOSX10.4u.sdk;
			};
			name = "Debug MAS";
		};
		846FFC7814C2AFAD00B97F42 /* Debug MAS */ = {
			isa = XCBuildConfiguration;
			buildSettings = {
				COPY_PHASE_STRIP = NO;
				FRAMEWORK_SEARCH_PATHS = "";
				GCC_DYNAMIC_NO_PIC = NO;
				GCC_ENABLE_FIX_AND_CONTINUE = YES;
				GCC_GENERATE_DEBUGGING_SYMBOLS = YES;
				GCC_OPTIMIZATION_LEVEL = 0;
				GCC_PRECOMPILE_PREFIX_HEADER = YES;
				GCC_PREFIX_HEADER = PermanentEraser_Prefix.h;
				GCC_VERSION_ppc = 4.0;
				HEADER_SEARCH_PATHS = "";
				INFOPLIST_FILE = "Info-PermanentEraser__Upgraded_.plist";
				INSTALL_PATH = "$(HOME)/Applications";
				LIBRARY_SEARCH_PATHS = "";
				MACOSX_DEPLOYMENT_TARGET_ppc = 10.4;
				OTHER_CFLAGS = "";
				OTHER_LDFLAGS = "";
				PREBINDING = NO;
				PRODUCT_NAME = "Permanent Eraser";
				SDKROOT_ppc = /Developer/SDKs/MacOSX10.4u.sdk;
				SECTORDER_FLAGS = "";
				WARNING_CFLAGS = (
					"-Wmost",
					"-Wno-four-char-constants",
					"-Wno-unknown-pragmas",
				);
				WRAPPER_EXTENSION = app;
				ZERO_LINK = NO;
			};
			name = "Debug MAS";
		};
		846FFC7914C2AFAD00B97F42 /* Debug MAS */ = {
			isa = XCBuildConfiguration;
			buildSettings = {
				COPY_PHASE_STRIP = NO;
				FRAMEWORK_SEARCH_PATHS = "";
				GCC_DYNAMIC_NO_PIC = NO;
				GCC_ENABLE_FIX_AND_CONTINUE = YES;
				GCC_GENERATE_DEBUGGING_SYMBOLS = YES;
				GCC_OPTIMIZATION_LEVEL = 0;
				HEADER_SEARCH_PATHS = "";
				INSTALL_PATH = "$(HOME)/Applications";
				LIBRARY_SEARCH_PATHS = "";
				OTHER_CFLAGS = "";
				OTHER_LDFLAGS = "";
				PRECOMPILE_PREFIX_HEADER = YES;
				PREFIX_HEADER = PermanentEraser_Prefix.h;
				PRODUCT_NAME = "Permanent Eraser";
				SECTORDER_FLAGS = "";
				WARNING_CFLAGS = (
					"-Wmost",
					"-Wno-four-char-constants",
					"-Wno-unknown-pragmas",
				);
				WRAPPER_EXTENSION = app;
				ZERO_LINK = YES;
			};
			name = "Debug MAS";
		};
		846FFC7A14C2AFAD00B97F42 /* Debug MAS */ = {
			isa = XCBuildConfiguration;
			buildSettings = {
				COPY_PHASE_STRIP = NO;
				FRAMEWORK_SEARCH_PATHS = "";
				GCC_DYNAMIC_NO_PIC = NO;
				GCC_ENABLE_FIX_AND_CONTINUE = YES;
				GCC_GENERATE_DEBUGGING_SYMBOLS = YES;
				GCC_OPTIMIZATION_LEVEL = 0;
				GCC_PRECOMPILE_PREFIX_HEADER = YES;
				GCC_PREFIX_HEADER = PermanentEraser_Prefix.h;
				GCC_VERSION_ppc = 4.0;
				HEADER_SEARCH_PATHS = "";
				INFOPLIST_FILE = "Info-PermanentEraser_MAS.plist";
				INSTALL_PATH = "$(HOME)/Applications";
				LIBRARY_SEARCH_PATHS = "";
				MACOSX_DEPLOYMENT_TARGET_ppc = 10.4;
				OTHER_CFLAGS = "";
				OTHER_LDFLAGS = "";
				PREBINDING = NO;
				PRODUCT_NAME = "Permanent Eraser";
				SDKROOT_ppc = /Developer/SDKs/MacOSX10.4u.sdk;
				SECTORDER_FLAGS = "";
				WARNING_CFLAGS = (
					"-Wmost",
					"-Wno-four-char-constants",
					"-Wno-unknown-pragmas",
				);
				WRAPPER_EXTENSION = app;
				ZERO_LINK = NO;
			};
			name = "Debug MAS";
		};
		84D1577908EB759400EF9E06 /* Debug */ = {
			isa = XCBuildConfiguration;
			buildSettings = {
				COPY_PHASE_STRIP = NO;
				FRAMEWORK_SEARCH_PATHS = "";
				GCC_DYNAMIC_NO_PIC = NO;
				GCC_ENABLE_FIX_AND_CONTINUE = YES;
				GCC_GENERATE_DEBUGGING_SYMBOLS = YES;
				GCC_OPTIMIZATION_LEVEL = 0;
				HEADER_SEARCH_PATHS = "";
				INSTALL_PATH = "$(HOME)/Applications";
				LIBRARY_SEARCH_PATHS = "";
				OTHER_CFLAGS = "";
				OTHER_LDFLAGS = "";
				PRECOMPILE_PREFIX_HEADER = YES;
				PREFIX_HEADER = PermanentEraser_Prefix.h;
				PRODUCT_NAME = "Permanent Eraser";
				SECTORDER_FLAGS = "";
				WARNING_CFLAGS = (
					"-Wmost",
					"-Wno-four-char-constants",
					"-Wno-unknown-pragmas",
				);
				WRAPPER_EXTENSION = app;
				ZERO_LINK = YES;
			};
			name = Debug;
		};
		84D1577A08EB759400EF9E06 /* Release */ = {
			isa = XCBuildConfiguration;
			buildSettings = {
				COPY_PHASE_STRIP = YES;
				FRAMEWORK_SEARCH_PATHS = "";
				GCC_ENABLE_FIX_AND_CONTINUE = NO;
				HEADER_SEARCH_PATHS = "";
				INSTALL_PATH = "$(HOME)/Applications";
				LIBRARY_SEARCH_PATHS = "";
				OTHER_CFLAGS = "";
				OTHER_LDFLAGS = "";
				PRECOMPILE_PREFIX_HEADER = YES;
				PREFIX_HEADER = PermanentEraser_Prefix.h;
				PRODUCT_NAME = "Permanent Eraser";
				SECTORDER_FLAGS = "";
				WARNING_CFLAGS = (
					"-Wmost",
					"-Wno-four-char-constants",
					"-Wno-unknown-pragmas",
				);
				WRAPPER_EXTENSION = app;
				ZERO_LINK = NO;
			};
			name = Release;
		};
		84D1577B08EB759400EF9E06 /* Default */ = {
			isa = XCBuildConfiguration;
			buildSettings = {
				FRAMEWORK_SEARCH_PATHS = "";
				HEADER_SEARCH_PATHS = "";
				INSTALL_PATH = "$(HOME)/Applications";
				LIBRARY_SEARCH_PATHS = "";
				OTHER_CFLAGS = "";
				OTHER_LDFLAGS = "";
				PRECOMPILE_PREFIX_HEADER = YES;
				PREFIX_HEADER = PermanentEraser_Prefix.h;
				PRODUCT_NAME = "Permanent Eraser";
				SECTORDER_FLAGS = "";
				WARNING_CFLAGS = (
					"-Wmost",
					"-Wno-four-char-constants",
					"-Wno-unknown-pragmas",
				);
				WRAPPER_EXTENSION = app;
			};
			name = Default;
		};
		84D1577D08EB759400EF9E06 /* Debug */ = {
			isa = XCBuildConfiguration;
			buildSettings = {
				ARCHS = "$(ARCHS_STANDARD_32_64_BIT)";
				GCC_VERSION = 4.0;
				GCC_WARN_MISSING_PARENTHESES = NO;
				SDKROOT = macosx10.5;
			};
			name = Debug;
		};
		84D1577E08EB759400EF9E06 /* Release */ = {
			isa = XCBuildConfiguration;
			buildSettings = {
				ARCHS = "$(ARCHS_STANDARD_32_64_BIT)";
				CODE_SIGN_IDENTITY = "Don't Code Sign";
				GCC_VERSION = 4.0;
				GCC_WARN_MISSING_PARENTHESES = NO;
				SDKROOT = macosx10.5;
			};
			name = Release;
		};
		84D1577F08EB759400EF9E06 /* Default */ = {
			isa = XCBuildConfiguration;
			buildSettings = {
				GCC_WARN_MISSING_PARENTHESES = NO;
				SDKROOT = macosx10.5;
			};
			name = Default;
		};
		84E63DBF09B53F1500DA4444 /* Debug */ = {
			isa = XCBuildConfiguration;
			buildSettings = {
				COPY_PHASE_STRIP = NO;
				FRAMEWORK_SEARCH_PATHS = "";
				GCC_DYNAMIC_NO_PIC = NO;
				GCC_ENABLE_FIX_AND_CONTINUE = YES;
				GCC_GENERATE_DEBUGGING_SYMBOLS = YES;
				GCC_OPTIMIZATION_LEVEL = 0;
				GCC_PRECOMPILE_PREFIX_HEADER = YES;
				GCC_PREFIX_HEADER = PermanentEraser_Prefix.h;
				GCC_VERSION_i386 = 4.0;
				GCC_VERSION_ppc = 4.0;
				HEADER_SEARCH_PATHS = "";
				INFOPLIST_FILE = "Info-PermanentEraser__Upgraded_.plist";
				INSTALL_PATH = "$(HOME)/Applications";
				LIBRARY_SEARCH_PATHS = "";
				MACOSX_DEPLOYMENT_TARGET_i386 = 10.5;
				MACOSX_DEPLOYMENT_TARGET_ppc = 10.5;
				OTHER_CFLAGS = "";
				OTHER_LDFLAGS = "";
				OTHER_LDFLAGS_ppc = "-prebind";
				PREBINDING = NO;
				PRODUCT_NAME = "Permanent Eraser";
				SDKROOT_i386 = /Developer/SDKs/MacOSX10.5.sdk;
				SDKROOT_ppc = /Developer/SDKs/MacOSX10.5.sdk;
				SECTORDER_FLAGS = "";
				WARNING_CFLAGS = (
					"-Wmost",
					"-Wno-four-char-constants",
					"-Wno-unknown-pragmas",
				);
				WRAPPER_EXTENSION = app;
				ZERO_LINK = NO;
			};
			name = Debug;
		};
		84E63DC009B53F1500DA4444 /* Release */ = {
			isa = XCBuildConfiguration;
			buildSettings = {
				ARCHS = "$(ARCHS_STANDARD_32_64_BIT)";
				CODE_SIGN_IDENTITY = "Don't Code Sign";
				COPY_PHASE_STRIP = YES;
				FRAMEWORK_SEARCH_PATHS = "";
				GCC_ENABLE_FIX_AND_CONTINUE = NO;
				GCC_PRECOMPILE_PREFIX_HEADER = YES;
				GCC_PREFIX_HEADER = PermanentEraser_Prefix.h;
				GCC_VERSION_i386 = 4.0;
				GCC_VERSION_ppc = 4.0;
				HEADER_SEARCH_PATHS = "";
				INFOPLIST_FILE = "Info-PermanentEraser__Upgraded_.plist";
				INSTALL_PATH = "$(HOME)/Applications";
				LIBRARY_SEARCH_PATHS = "";
				MACOSX_DEPLOYMENT_TARGET_i386 = 10.5;
				MACOSX_DEPLOYMENT_TARGET_ppc = 10.5;
				OTHER_CFLAGS = "";
				OTHER_CODE_SIGN_FLAGS = "";
				OTHER_LDFLAGS = "";
				OTHER_LDFLAGS_ppc = "-prebind";
				PRODUCT_NAME = "Permanent Eraser";
				SDKROOT = macosx10.5;
				SDKROOT_i386 = /Developer/SDKs/MacOSX10.5.sdk;
				SDKROOT_ppc = /Developer/SDKs/MacOSX10.5.sdk;
				SECTORDER_FLAGS = "";
				WARNING_CFLAGS = (
					"-Wmost",
					"-Wno-four-char-constants",
					"-Wno-unknown-pragmas",
				);
				WRAPPER_EXTENSION = app;
				ZERO_LINK = NO;
			};
			name = Release;
		};
		84E63DC109B53F1500DA4444 /* Default */ = {
			isa = XCBuildConfiguration;
			buildSettings = {
				FRAMEWORK_SEARCH_PATHS = "";
				GCC_PRECOMPILE_PREFIX_HEADER = YES;
				GCC_PREFIX_HEADER = PermanentEraser_Prefix.h;
				HEADER_SEARCH_PATHS = "";
				INFOPLIST_FILE = "Info-PermanentEraser__Upgraded_.plist";
				INSTALL_PATH = "$(HOME)/Applications";
				LIBRARY_SEARCH_PATHS = "";
				OTHER_CFLAGS = "";
				OTHER_LDFLAGS = "";
				PRODUCT_NAME = "Permanent Eraser";
				SECTORDER_FLAGS = "";
				WARNING_CFLAGS = (
					"-Wmost",
					"-Wno-four-char-constants",
					"-Wno-unknown-pragmas",
				);
				WRAPPER_EXTENSION = app;
			};
			name = Default;
		};
		84F0302E14B815DC00B10804 /* Debug Panther */ = {
			isa = XCBuildConfiguration;
			buildSettings = {
				ARCHS = (
					ppc,
					i386,
				);
				GCC_VERSION_i386 = 4.0;
				GCC_VERSION_ppc = 3.3;
				GCC_WARN_MISSING_PARENTHESES = NO;
				MACOSX_DEPLOYMENT_TARGET_i386 = 10.4;
				MACOSX_DEPLOYMENT_TARGET_ppc = 10.2;
				OTHER_LDFLAGS_ppc = "-prebind";
				SDKROOT = macosx10.5;
				SDKROOT_i386 = /Developer/SDKs/MacOSX10.4u.sdk;
				SDKROOT_ppc = /Developer/SDKs/MacOSX10.2.8.sdk;
			};
			name = "Debug Panther";
		};
		84F0302F14B815DC00B10804 /* Debug Panther */ = {
			isa = XCBuildConfiguration;
			buildSettings = {
				COPY_PHASE_STRIP = NO;
				FRAMEWORK_SEARCH_PATHS = "";
				GCC_DYNAMIC_NO_PIC = NO;
				GCC_ENABLE_FIX_AND_CONTINUE = YES;
				GCC_GENERATE_DEBUGGING_SYMBOLS = YES;
				GCC_OPTIMIZATION_LEVEL = 0;
				GCC_PRECOMPILE_PREFIX_HEADER = YES;
				GCC_PREFIX_HEADER = PermanentEraser_Prefix.h;
				HEADER_SEARCH_PATHS = "";
				INFOPLIST_FILE = "Info-PermanentEraser__Upgraded_.plist";
				INSTALL_PATH = "$(HOME)/Applications";
				LIBRARY_SEARCH_PATHS = "";
				MACOSX_DEPLOYMENT_TARGET_ppc = 10.3;
				OTHER_CFLAGS = "";
				OTHER_LDFLAGS = "";
				PREBINDING = NO;
				PRODUCT_NAME = "Permanent Eraser";
				SDKROOT_ppc = /Developer/SDKs/MacOSX10.3.9.sdk;
				SECTORDER_FLAGS = "";
				WARNING_CFLAGS = (
					"-Wmost",
					"-Wno-four-char-constants",
					"-Wno-unknown-pragmas",
				);
				WRAPPER_EXTENSION = app;
				ZERO_LINK = NO;
			};
			name = "Debug Panther";
		};
		84F0303014B815DC00B10804 /* Debug Panther */ = {
			isa = XCBuildConfiguration;
			buildSettings = {
				COPY_PHASE_STRIP = NO;
				FRAMEWORK_SEARCH_PATHS = "";
				GCC_DYNAMIC_NO_PIC = NO;
				GCC_ENABLE_FIX_AND_CONTINUE = YES;
				GCC_GENERATE_DEBUGGING_SYMBOLS = YES;
				GCC_OPTIMIZATION_LEVEL = 0;
				HEADER_SEARCH_PATHS = "";
				INSTALL_PATH = "$(HOME)/Applications";
				LIBRARY_SEARCH_PATHS = "";
				OTHER_CFLAGS = "";
				OTHER_LDFLAGS = "";
				PRECOMPILE_PREFIX_HEADER = YES;
				PREFIX_HEADER = PermanentEraser_Prefix.h;
				PRODUCT_NAME = "Permanent Eraser";
				SECTORDER_FLAGS = "";
				WARNING_CFLAGS = (
					"-Wmost",
					"-Wno-four-char-constants",
					"-Wno-unknown-pragmas",
				);
				WRAPPER_EXTENSION = app;
				ZERO_LINK = YES;
			};
			name = "Debug Panther";
		};
		84F0303114B815DC00B10804 /* Debug Panther */ = {
			isa = XCBuildConfiguration;
			buildSettings = {
				COPY_PHASE_STRIP = NO;
				FRAMEWORK_SEARCH_PATHS = "";
				GCC_DYNAMIC_NO_PIC = NO;
				GCC_ENABLE_FIX_AND_CONTINUE = YES;
				GCC_GENERATE_DEBUGGING_SYMBOLS = YES;
				GCC_OPTIMIZATION_LEVEL = 0;
				GCC_PRECOMPILE_PREFIX_HEADER = YES;
				GCC_PREFIX_HEADER = PermanentEraser_Prefix.h;
				GCC_VERSION_ppc = 4.0;
				HEADER_SEARCH_PATHS = "";
				INFOPLIST_FILE = "Info-PermanentEraser_MAS.plist";
				INSTALL_PATH = "$(HOME)/Applications";
				LIBRARY_SEARCH_PATHS = "";
				MACOSX_DEPLOYMENT_TARGET_ppc = 10.4;
				OTHER_CFLAGS = "";
				OTHER_LDFLAGS = "";
				PREBINDING = NO;
				PRODUCT_NAME = "Permanent Eraser";
				SDKROOT_ppc = /Developer/SDKs/MacOSX10.4u.sdk;
				SECTORDER_FLAGS = "";
				WARNING_CFLAGS = (
					"-Wmost",
					"-Wno-four-char-constants",
					"-Wno-unknown-pragmas",
				);
				WRAPPER_EXTENSION = app;
				ZERO_LINK = NO;
			};
			name = "Debug Panther";
		};
		84F0303214B815E900B10804 /* Release Panther */ = {
			isa = XCBuildConfiguration;
			buildSettings = {
				GCC_WARN_MISSING_PARENTHESES = NO;
				SDKROOT = macosx10.5;
			};
			name = "Release Panther";
		};
		84F0303314B815E900B10804 /* Release Panther */ = {
			isa = XCBuildConfiguration;
			buildSettings = {
				ARCHS = (
					ppc,
					i386,
				);
				COPY_PHASE_STRIP = YES;
				FRAMEWORK_SEARCH_PATHS = "";
				GCC_ENABLE_FIX_AND_CONTINUE = NO;
				GCC_PRECOMPILE_PREFIX_HEADER = YES;
				GCC_PREFIX_HEADER = PermanentEraser_Prefix.h;
				GCC_VERSION_i386 = 4.0;
				GCC_VERSION_ppc = 3.3;
				HEADER_SEARCH_PATHS = "";
				INFOPLIST_FILE = "Info-PermanentEraser__Upgraded_.plist";
				INSTALL_PATH = "$(HOME)/Applications";
				LIBRARY_SEARCH_PATHS = "";
				MACOSX_DEPLOYMENT_TARGET_i386 = 10.4;
				MACOSX_DEPLOYMENT_TARGET_ppc = 10.3;
				OTHER_CFLAGS = "";
				OTHER_LDFLAGS = "";
				OTHER_LDFLAGS_ppc = "-prebind";
				PRODUCT_NAME = "Permanent Eraser";
				SDKROOT_i386 = /Developer/SDKs/MacOSX10.4u.sdk;
				SDKROOT_ppc = /Developer/SDKs/MacOSX10.3.9.sdk;
				SECTORDER_FLAGS = "";
				WARNING_CFLAGS = (
					"-Wmost",
					"-Wno-four-char-constants",
					"-Wno-unknown-pragmas",
				);
				WRAPPER_EXTENSION = app;
				ZERO_LINK = NO;
			};
			name = "Release Panther";
		};
		84F0303414B815E900B10804 /* Release Panther */ = {
			isa = XCBuildConfiguration;
			buildSettings = {
				COPY_PHASE_STRIP = YES;
				FRAMEWORK_SEARCH_PATHS = "";
				GCC_ENABLE_FIX_AND_CONTINUE = NO;
				HEADER_SEARCH_PATHS = "";
				INSTALL_PATH = "$(HOME)/Applications";
				LIBRARY_SEARCH_PATHS = "";
				OTHER_CFLAGS = "";
				OTHER_LDFLAGS = "";
				PRECOMPILE_PREFIX_HEADER = YES;
				PREFIX_HEADER = PermanentEraser_Prefix.h;
				PRODUCT_NAME = "Permanent Eraser";
				SECTORDER_FLAGS = "";
				WARNING_CFLAGS = (
					"-Wmost",
					"-Wno-four-char-constants",
					"-Wno-unknown-pragmas",
				);
				WRAPPER_EXTENSION = app;
				ZERO_LINK = NO;
			};
			name = "Release Panther";
		};
		84F0303514B815E900B10804 /* Release Panther */ = {
			isa = XCBuildConfiguration;
			buildSettings = {
				ARCHS = (
					ppc,
					i386,
				);
				COPY_PHASE_STRIP = YES;
				FRAMEWORK_SEARCH_PATHS = "";
				GCC_ENABLE_FIX_AND_CONTINUE = NO;
				GCC_PRECOMPILE_PREFIX_HEADER = YES;
				GCC_PREFIX_HEADER = PermanentEraser_Prefix.h;
				GCC_VERSION_i386 = 4.0;
				GCC_VERSION_ppc = 4.0;
				HEADER_SEARCH_PATHS = "";
				INFOPLIST_FILE = "Info-PermanentEraser_MAS.plist";
				INSTALL_PATH = "$(HOME)/Applications";
				LIBRARY_SEARCH_PATHS = "";
				MACOSX_DEPLOYMENT_TARGET_i386 = 10.4;
				MACOSX_DEPLOYMENT_TARGET_ppc = 10.4;
				OTHER_CFLAGS = "-DMAC_APP_STORE";
				OTHER_LDFLAGS = "";
				OTHER_LDFLAGS_ppc = "-prebind";
				PRODUCT_NAME = "Permanent Eraser";
				SDKROOT_i386 = /Developer/SDKs/MacOSX10.4u.sdk;
				SDKROOT_ppc = /Developer/SDKs/MacOSX10.4u.sdk;
				SECTORDER_FLAGS = "";
				WARNING_CFLAGS = (
					"-Wmost",
					"-Wno-four-char-constants",
					"-Wno-unknown-pragmas",
				);
				WRAPPER_EXTENSION = app;
				ZERO_LINK = NO;
			};
			name = "Release Panther";
		};
/* End XCBuildConfiguration section */

/* Begin XCConfigurationList section */
		84567D2E132C621A0070AD1A /* Build configuration list for PBXNativeTarget "PermanentEraser MAS" */ = {
			isa = XCConfigurationList;
			buildConfigurations = (
				84567D2F132C621A0070AD1A /* Debug */,
				846FFC7A14C2AFAD00B97F42 /* Debug MAS */,
				84F0303114B815DC00B10804 /* Debug Panther */,
				84567D30132C621A0070AD1A /* Release */,
				846FFC7614C2AFA600B97F42 /* Release MAS */,
				84F0303514B815E900B10804 /* Release Panther */,
				84567D31132C621A0070AD1A /* Default */,
			);
			defaultConfigurationIsVisible = 0;
			defaultConfigurationName = Default;
		};
		84D1577808EB759400EF9E06 /* Build configuration list for PBXApplicationTarget "PermanentEraser" */ = {
			isa = XCConfigurationList;
			buildConfigurations = (
				84D1577908EB759400EF9E06 /* Debug */,
				846FFC7914C2AFAD00B97F42 /* Debug MAS */,
				84F0303014B815DC00B10804 /* Debug Panther */,
				84D1577A08EB759400EF9E06 /* Release */,
				846FFC7514C2AFA600B97F42 /* Release MAS */,
				84F0303414B815E900B10804 /* Release Panther */,
				84D1577B08EB759400EF9E06 /* Default */,
			);
			defaultConfigurationIsVisible = 0;
			defaultConfigurationName = Default;
		};
		84D1577C08EB759400EF9E06 /* Build configuration list for PBXProject "PermanentEraser" */ = {
			isa = XCConfigurationList;
			buildConfigurations = (
				84D1577D08EB759400EF9E06 /* Debug */,
				846FFC7714C2AFAD00B97F42 /* Debug MAS */,
				84F0302E14B815DC00B10804 /* Debug Panther */,
				84D1577E08EB759400EF9E06 /* Release */,
				846FFC7314C2AFA600B97F42 /* Release MAS */,
				84F0303214B815E900B10804 /* Release Panther */,
				84D1577F08EB759400EF9E06 /* Default */,
			);
			defaultConfigurationIsVisible = 0;
			defaultConfigurationName = Default;
		};
		84E63DBE09B53F1500DA4444 /* Build configuration list for PBXNativeTarget "PermanentEraser (Upgraded)" */ = {
			isa = XCConfigurationList;
			buildConfigurations = (
				84E63DBF09B53F1500DA4444 /* Debug */,
				846FFC7814C2AFAD00B97F42 /* Debug MAS */,
				84F0302F14B815DC00B10804 /* Debug Panther */,
				84E63DC009B53F1500DA4444 /* Release */,
				846FFC7414C2AFA600B97F42 /* Release MAS */,
				84F0303314B815E900B10804 /* Release Panther */,
				84E63DC109B53F1500DA4444 /* Default */,
			);
			defaultConfigurationIsVisible = 0;
			defaultConfigurationName = Default;
		};
/* End XCConfigurationList section */
	};
	rootObject = 29B97313FDCFA39411CA2CEA /* Project object */;
}
