// !$*UTF8*$!
{
	archiveVersion = 1;
	classes = {
	};
	objectVersion = 44;
	objects = {

/* Begin PBXBuildFile section */
		4F94F01307B3098F00AE9F13 /* InfoPlist.strings in Resources */ = {isa = PBXBuildFile; fileRef = 089C167DFE841241C02AAC07 /* InfoPlist.strings */; };
		4F94F01507B3098F00AE9F13 /* EraseCMI.c in Sources */ = {isa = PBXBuildFile; fileRef = 60288D7F009E31430BCA0CAD /* EraseCMI.c */; };
		4F94F01907B3098F00AE9F13 /* Carbon.framework in Frameworks */ = {isa = PBXBuildFile; fileRef = 60764980009F79710BCA0CAD /* Carbon.framework */; };
		847DEF991B6E981600C5011C /* Localizable.strings in Resources */ = {isa = PBXBuildFile; fileRef = 847DEF971B6E981600C5011C /* Localizable.strings */; };
		849427361D9A2222007B9058 /* PlugIn.icns in Resources */ = {isa = PBXBuildFile; fileRef = 849427351D9A2222007B9058 /* PlugIn.icns */; };
/* End PBXBuildFile section */

/* Begin PBXFileReference section */
		089C167EFE841241C02AAC07 /* English */ = {isa = PBXFileReference; fileEncoding = 10; lastKnownFileType = text.plist.strings; name = English; path = English.lproj/InfoPlist.strings; sourceTree = "<group>"; };
		4F94F01B07B3098F00AE9F13 /* Info-EraseCMI.plist */ = {isa = PBXFileReference; lastKnownFileType = text.plist.xml; path = "Info-EraseCMI.plist"; sourceTree = "<group>"; };
		4F94F01C07B3098F00AE9F13 /* EraseCMI.plugin */ = {isa = PBXFileReference; explicitFileType = wrapper.cfbundle; includeInIndex = 0; path = EraseCMI.plugin; sourceTree = BUILT_PRODUCTS_DIR; };
		60288D7F009E31430BCA0CAD /* EraseCMI.c */ = {isa = PBXFileReference; fileEncoding = 30; lastKnownFileType = sourcecode.c.c; path = EraseCMI.c; sourceTree = "<group>"; };
		60764980009F79710BCA0CAD /* Carbon.framework */ = {isa = PBXFileReference; lastKnownFileType = wrapper.framework; name = Carbon.framework; path = /System/Library/Frameworks/Carbon.framework; sourceTree = "<absolute>"; };
		84448BE41B49F7F50007C71F /* German */ = {isa = PBXFileReference; lastKnownFileType = text.plist.strings; name = German; path = German.lproj/InfoPlist.strings; sourceTree = "<group>"; };
		84753CD91FB8FC1F009C7EC5 /* cy */ = {isa = PBXFileReference; lastKnownFileType = text.plist.strings; name = cy; path = cy.lproj/InfoPlist.strings; sourceTree = "<group>"; };
		84753CDA1FB8FC2A009C7EC5 /* cy */ = {isa = PBXFileReference; lastKnownFileType = text.plist.strings; name = cy; path = cy.lproj/Localizable.strings; sourceTree = "<group>"; };
		847DEF981B6E981600C5011C /* English */ = {isa = PBXFileReference; fileEncoding = 4; lastKnownFileType = text.plist.strings; name = English; path = English.lproj/Localizable.strings; sourceTree = "<group>"; };
		847DEF9F1B6E984700C5011C /* German */ = {isa = PBXFileReference; lastKnownFileType = text.plist.strings; name = German; path = German.lproj/Localizable.strings; sourceTree = "<group>"; };
		849427351D9A2222007B9058 /* PlugIn.icns */ = {isa = PBXFileReference; lastKnownFileType = image.icns; path = PlugIn.icns; sourceTree = "<group>"; };
		84F728271F7B46CA009F73C0 /* zh_TW */ = {isa = PBXFileReference; lastKnownFileType = text.plist.strings; name = zh_TW; path = zh_TW.lproj/Localizable.strings; sourceTree = "<group>"; };
		84F7282A1F7B46E2009F73C0 /* zh_TW */ = {isa = PBXFileReference; lastKnownFileType = text.plist.strings; name = zh_TW; path = zh_TW.lproj/InfoPlist.strings; sourceTree = "<group>"; };
/* End PBXFileReference section */

/* Begin PBXFrameworksBuildPhase section */
		4F94F01607B3098F00AE9F13 /* Frameworks */ = {
			isa = PBXFrameworksBuildPhase;
			buildActionMask = 2147483647;
			files = (
				4F94F01907B3098F00AE9F13 /* Carbon.framework in Frameworks */,
			);
			runOnlyForDeploymentPostprocessing = 0;
		};
/* End PBXFrameworksBuildPhase section */

/* Begin PBXGroup section */
		089C166AFE841209C02AAC07 /* SampleCMPlugin */ = {
			isa = PBXGroup;
			children = (
				08FB77AFFE84173DC02AAC07 /* Source */,
				089C167CFE841241C02AAC07 /* Resources */,
				089C1671FE841209C02AAC07 /* External Frameworks and Libraries */,
				19C28FB6FE9D52B211CA2CBB /* Products */,
				4F94F01B07B3098F00AE9F13 /* Info-EraseCMI.plist */,
			);
			name = SampleCMPlugin;
			sourceTree = "<group>";
		};
		089C1671FE841209C02AAC07 /* External Frameworks and Libraries */ = {
			isa = PBXGroup;
			children = (
				60764980009F79710BCA0CAD /* Carbon.framework */,
			);
			name = "External Frameworks and Libraries";
			sourceTree = "<group>";
		};
		089C167CFE841241C02AAC07 /* Resources */ = {
			isa = PBXGroup;
			children = (
				849427351D9A2222007B9058 /* PlugIn.icns */,
				089C167DFE841241C02AAC07 /* InfoPlist.strings */,
				847DEF971B6E981600C5011C /* Localizable.strings */,
			);
			name = Resources;
			sourceTree = "<group>";
		};
		08FB77AFFE84173DC02AAC07 /* Source */ = {
			isa = PBXGroup;
			children = (
				60288D7F009E31430BCA0CAD /* EraseCMI.c */,
			);
			name = Source;
			sourceTree = "<group>";
		};
		19C28FB6FE9D52B211CA2CBB /* Products */ = {
			isa = PBXGroup;
			children = (
				4F94F01C07B3098F00AE9F13 /* EraseCMI.plugin */,
			);
			name = Products;
			sourceTree = "<group>";
		};
/* End PBXGroup section */

/* Begin PBXHeadersBuildPhase section */
		4F94F01107B3098F00AE9F13 /* Headers */ = {
			isa = PBXHeadersBuildPhase;
			buildActionMask = 2147483647;
			files = (
			);
			runOnlyForDeploymentPostprocessing = 0;
		};
/* End PBXHeadersBuildPhase section */

/* Begin PBXNativeTarget section */
		4F94F01007B3098F00AE9F13 /* EraseCMI */ = {
			isa = PBXNativeTarget;
			buildConfigurationList = 4F2B05ED08A02B3E0055E173 /* Build configuration list for PBXNativeTarget "EraseCMI" */;
			buildPhases = (
				4F94F01107B3098F00AE9F13 /* Headers */,
				4F94F01207B3098F00AE9F13 /* Resources */,
				4F94F01407B3098F00AE9F13 /* Sources */,
				4F94F01607B3098F00AE9F13 /* Frameworks */,
				4F94F01A07B3098F00AE9F13 /* Rez */,
			);
			buildRules = (
			);
			dependencies = (
			);
			name = EraseCMI;
			productInstallPath = "$(HOME)/Library/Bundles";
			productName = SampleCMPlugin;
			productReference = 4F94F01C07B3098F00AE9F13 /* EraseCMI.plugin */;
			productType = "com.apple.product-type.bundle";
		};
/* End PBXNativeTarget section */

/* Begin PBXProject section */
		089C1669FE841209C02AAC07 /* Project object */ = {
			isa = PBXProject;
			buildConfigurationList = 4F2B05F108A02B3E0055E173 /* Build configuration list for PBXProject "EraseCMI" */;
			compatibilityVersion = "Xcode 3.0";
			developmentRegion = English;
			hasScannedForEncodings = 1;
			knownRegions = (
				English,
				Japanese,
				French,
				German,
				zh_TW,
				cy,
			);
			mainGroup = 089C166AFE841209C02AAC07 /* SampleCMPlugin */;
			projectDirPath = "";
			projectRoot = "";
			targets = (
				4F94F01007B3098F00AE9F13 /* EraseCMI */,
			);
		};
/* End PBXProject section */

/* Begin PBXResourcesBuildPhase section */
		4F94F01207B3098F00AE9F13 /* Resources */ = {
			isa = PBXResourcesBuildPhase;
			buildActionMask = 2147483647;
			files = (
				4F94F01307B3098F00AE9F13 /* InfoPlist.strings in Resources */,
				847DEF991B6E981600C5011C /* Localizable.strings in Resources */,
				849427361D9A2222007B9058 /* PlugIn.icns in Resources */,
			);
			runOnlyForDeploymentPostprocessing = 0;
		};
/* End PBXResourcesBuildPhase section */

/* Begin PBXRezBuildPhase section */
		4F94F01A07B3098F00AE9F13 /* Rez */ = {
			isa = PBXRezBuildPhase;
			buildActionMask = 2147483647;
			files = (
			);
			runOnlyForDeploymentPostprocessing = 0;
		};
/* End PBXRezBuildPhase section */

/* Begin PBXSourcesBuildPhase section */
		4F94F01407B3098F00AE9F13 /* Sources */ = {
			isa = PBXSourcesBuildPhase;
			buildActionMask = 2147483647;
			files = (
				4F94F01507B3098F00AE9F13 /* EraseCMI.c in Sources */,
			);
			runOnlyForDeploymentPostprocessing = 0;
		};
/* End PBXSourcesBuildPhase section */

/* Begin PBXVariantGroup section */
		089C167DFE841241C02AAC07 /* InfoPlist.strings */ = {
			isa = PBXVariantGroup;
			children = (
				089C167EFE841241C02AAC07 /* English */,
				84448BE41B49F7F50007C71F /* German */,
				84F7282A1F7B46E2009F73C0 /* zh_TW */,
				84753CD91FB8FC1F009C7EC5 /* cy */,
			);
			name = InfoPlist.strings;
			sourceTree = "<group>";
		};
		847DEF971B6E981600C5011C /* Localizable.strings */ = {
			isa = PBXVariantGroup;
			children = (
				847DEF981B6E981600C5011C /* English */,
				847DEF9F1B6E984700C5011C /* German */,
				84F728271F7B46CA009F73C0 /* zh_TW */,
				84753CDA1FB8FC2A009C7EC5 /* cy */,
			);
			name = Localizable.strings;
			sourceTree = "<group>";
		};
/* End PBXVariantGroup section */

/* Begin XCBuildConfiguration section */
		4F2B05EE08A02B3E0055E173 /* Debug */ = {
			isa = XCBuildConfiguration;
			buildSettings = {
				COPY_PHASE_STRIP = NO;
				DEBUG_INFORMATION_FORMAT = dwarf;
				GCC_DYNAMIC_NO_PIC = NO;
				GCC_ENABLE_FIX_AND_CONTINUE = YES;
				GCC_MODEL_TUNING = G5;
				GCC_OPTIMIZATION_LEVEL = 0;
				GCC_WARN_FOUR_CHARACTER_CONSTANTS = NO;
				INFOPLIST_FILE = "Info-EraseCMI.plist";
				INSTALL_PATH = "$(HOME)/Library/Bundles";
				PRODUCT_NAME = EraseCMI;
				SDKROOT = "$(DEVELOPER_SDK_DIR)/MacOSX10.4u.sdk";
				WRAPPER_EXTENSION = plugin;
				ZERO_LINK = YES;
			};
			name = Debug;
		};
		4F2B05EF08A02B3E0055E173 /* Release */ = {
			isa = XCBuildConfiguration;
			buildSettings = {
				ARCHS = (
					ppc,
					i386,
				);
				DEBUG_INFORMATION_FORMAT = "dwarf-with-dsym";
				GCC_MODEL_TUNING = G5;
				GCC_WARN_FOUR_CHARACTER_CONSTANTS = NO;
				INFOPLIST_FILE = "Info-EraseCMI.plist";
				INSTALL_PATH = "$(HOME)/Library/Bundles";
				PRODUCT_NAME = EraseCMI;
				SDKROOT = "$(DEVELOPER_SDK_DIR)/MacOSX10.4u.sdk";
				WRAPPER_EXTENSION = plugin;
			};
			name = Release;
		};
		4F2B05F208A02B3E0055E173 /* Debug */ = {
			isa = XCBuildConfiguration;
			buildSettings = {
				ARCHS = "$(ARCHS_STANDARD_32_BIT_PRE_XCODE_3_1)";
				ARCHS_STANDARD_32_BIT_PRE_XCODE_3_1 = "ppc i386";
				GCC_WARN_ABOUT_RETURN_TYPE = YES;
				GCC_WARN_UNUSED_VARIABLE = YES;
				MACOSX_DEPLOYMENT_TARGET = 10.5;
				PREBINDING = NO;
				SDKROOT = "$(DEVELOPER_SDK_DIR)/MacOSX10.5.sdk";
			};
			name = Debug;
		};
		4F2B05F308A02B3E0055E173 /* Release */ = {
			isa = XCBuildConfiguration;
			buildSettings = {
				ARCHS = "$(ARCHS_STANDARD_32_BIT_PRE_XCODE_3_1)";
				ARCHS_STANDARD_32_BIT_PRE_XCODE_3_1 = "ppc i386";
				GCC_VERSION = 4.0;
				GCC_WARN_ABOUT_RETURN_TYPE = YES;
				GCC_WARN_UNUSED_VARIABLE = YES;
				MACOSX_DEPLOYMENT_TARGET = 10.4;
				PREBINDING = NO;
				SDKROOT = "$(DEVELOPER_SDK_DIR)/MacOSX10.4u.sdk";
			};
			name = Release;
		};
/* End XCBuildConfiguration section */

/* Begin XCConfigurationList section */
		4F2B05ED08A02B3E0055E173 /* Build configuration list for PBXNativeTarget "EraseCMI" */ = {
			isa = XCConfigurationList;
			buildConfigurations = (
				4F2B05EE08A02B3E0055E173 /* Debug */,
				4F2B05EF08A02B3E0055E173 /* Release */,
			);
			defaultConfigurationIsVisible = 0;
			defaultConfigurationName = Release;
		};
		4F2B05F108A02B3E0055E173 /* Build configuration list for PBXProject "EraseCMI" */ = {
			isa = XCConfigurationList;
			buildConfigurations = (
				4F2B05F208A02B3E0055E173 /* Debug */,
				4F2B05F308A02B3E0055E173 /* Release */,
			);
			defaultConfigurationIsVisible = 0;
			defaultConfigurationName = Release;
		};
/* End XCConfigurationList section */
	};
	rootObject = 089C1669FE841209C02AAC07 /* Project object */;
}
